
Microsoft Visual Studio Solution File, Format Version 12.00
# Visual Studio Version 16
VisualStudioVersion = 16.0.30413.136
MinimumVisualStudioVersion = 10.0.40219.1
Project("{2150E333-8FDC-42A3-9474-1A3956D46DE8}") = "Dependencies", "Dependencies", "{72857B67-3003-486C-9BB3-34AF5748BE95}"
EndProject
Project("{FAE04EC0-301F-11D3-BF4B-00C04F79EFBC}") = "JJ.Data.Canonical", "Data\Canonical\JJ.Data.Canonical.csproj", "{08EA4A4E-D815-47AE-9277-DA6672D36214}"
EndProject
Project("{FAE04EC0-301F-11D3-BF4B-00C04F79EFBC}") = "JJ.Data.Synthesizer", "Data\Synthesizer\JJ.Data.Synthesizer.csproj", "{BFE8068F-E441-44D2-896D-30FBB67946BF}"
EndProject
Project("{FAE04EC0-301F-11D3-BF4B-00C04F79EFBC}") = "JJ.Business.Synthesizer", "Business\Synthesizer\JJ.Business.Synthesizer.csproj", "{A2A8E75D-1FDA-43FB-99F3-AFF9958F654A}"
EndProject
Project("{FAE04EC0-301F-11D3-BF4B-00C04F79EFBC}") = "JJ.Business.Synthesizer.Tests", "Business\Synthesizer.Tests\JJ.Business.Synthesizer.Tests.csproj", "{5C26AF7B-1C83-49BD-9ED1-6A880103D293}"
EndProject
Project("{FAE04EC0-301F-11D3-BF4B-00C04F79EFBC}") = "JJ.Data.Synthesizer.NHibernate", "Data\Synthesizer.NHibernate\JJ.Data.Synthesizer.NHibernate.csproj", "{AFCF2122-DB43-461C-9FDF-41ADEC10A375}"
EndProject
Project("{FAE04EC0-301F-11D3-BF4B-00C04F79EFBC}") = "JJ.Data.Synthesizer.SqlClient", "Data\Synthesizer.SqlClient\JJ.Data.Synthesizer.SqlClient.csproj", "{0DE125B6-B3ED-4459-8696-B5D851AD89A0}"
EndProject
Project("{FAE04EC0-301F-11D3-BF4B-00C04F79EFBC}") = "JJ.Presentation.Synthesizer", "Presentation\Synthesizer\JJ.Presentation.Synthesizer.csproj", "{919AE8A0-C964-4746-94A9-BC61A2546E78}"
EndProject
Project("{FAE04EC0-301F-11D3-BF4B-00C04F79EFBC}") = "JJ.Presentation.Synthesizer.WinForms", "Presentation\Synthesizer.WinForms\JJ.Presentation.Synthesizer.WinForms.csproj", "{5B200A79-0358-438D-8DCE-F3E40E9E88A7}"
EndProject
Project("{FAE04EC0-301F-11D3-BF4B-00C04F79EFBC}") = "JJ.Presentation.Synthesizer.VectorGraphics", "Presentation\Synthesizer.VectorGraphics\JJ.Presentation.Synthesizer.VectorGraphics.csproj", "{DA036CC8-85CC-4A2B-B557-0A222A4486C3}"
EndProject
Project("{FAE04EC0-301F-11D3-BF4B-00C04F79EFBC}") = "SynthesizerDB", "Database\SynthesizerDB\SynthesizerDB.csproj", "{F9370CA4-AB57-4BC8-BAA5-FDAEA8DB3F3F}"
EndProject
Project("{FAE04EC0-301F-11D3-BF4B-00C04F79EFBC}") = "JJ.Utilities.Synthesizer.DataMigration", "Utilities\Synthesizer.DataMigration\JJ.Utilities.Synthesizer.DataMigration.csproj", "{B06307FD-4319-4C0F-BF01-43900D5B36BB}"
EndProject
Project("{FAE04EC0-301F-11D3-BF4B-00C04F79EFBC}") = "JJ.Presentation.Synthesizer.NAudio", "Presentation\Synthesizer.NAudio\JJ.Presentation.Synthesizer.NAudio.csproj", "{3F36ED87-8751-499D-8FD0-F5D6E2ED4A8A}"
EndProject
Project("{FAE04EC0-301F-11D3-BF4B-00C04F79EFBC}") = "JJ.Business.Canonical", "Business\Canonical\JJ.Business.Canonical.csproj", "{4DBE5E36-4B54-4E5F-9B4F-5BBF33A3CEF1}"
EndProject
Project("{FAE04EC0-301F-11D3-BF4B-00C04F79EFBC}") = "Lomont", "Third Party\Lomont\Lomont.csproj", "{CDA729CD-CD5E-4700-8308-B4B916C8EAB9}"
EndProject
Project("{FAE04EC0-301F-11D3-BF4B-00C04F79EFBC}") = "JJ.Business.SynthesizerPrototype.Tests", "Business\SynthesizerPrototype.Tests\JJ.Business.SynthesizerPrototype.Tests.csproj", "{58794EC8-775B-4EA6-A12C-F330AB03B0F8}"
EndProject
Project("{FAE04EC0-301F-11D3-BF4B-00C04F79EFBC}") = "JJ.Business.SynthesizerPrototype", "Business\SynthesizerPrototype\JJ.Business.SynthesizerPrototype.csproj", "{71694F33-A9C9-4C84-B21A-1F5488784167}"
EndProject
Project("{FAE04EC0-301F-11D3-BF4B-00C04F79EFBC}") = "JJ.Business.SynthesizerPrototype.Roslyn", "Business\SynthesizerPrototype.Roslyn\JJ.Business.SynthesizerPrototype.Roslyn.csproj", "{934FDD6D-60BA-4478-975C-0C692C1AC4BB}"
EndProject
Project("{FAE04EC0-301F-11D3-BF4B-00C04F79EFBC}") = "JJ.Business.SynthesizerPrototype.WithInheritance", "Business\SynthesizerPrototype.WithInheritance\JJ.Business.SynthesizerPrototype.WithInheritance.csproj", "{4D7EE000-E58D-4EB8-8DB3-B3BFED50CFFB}"
EndProject
Project("{FAE04EC0-301F-11D3-BF4B-00C04F79EFBC}") = "JJ.Business.SynthesizerPrototype.WithStructs", "Business\SynthesizerPrototype.WithStructs\JJ.Business.SynthesizerPrototype.WithStructs.csproj", "{06933DCA-EB38-4766-9794-A4EC0F5DA135}"
EndProject
Global
	GlobalSection(SolutionConfigurationPlatforms) = preSolution
		Debug|Any CPU = Debug|Any CPU
		NPDebug|Any CPU = NPDebug|Any CPU
		Release|Any CPU = Release|Any CPU
	EndGlobalSection
	GlobalSection(ProjectConfigurationPlatforms) = postSolution
		{08EA4A4E-D815-47AE-9277-DA6672D36214}.Debug|Any CPU.ActiveCfg = Debug|Any CPU
		{08EA4A4E-D815-47AE-9277-DA6672D36214}.Debug|Any CPU.Build.0 = Debug|Any CPU
		{08EA4A4E-D815-47AE-9277-DA6672D36214}.NPDebug|Any CPU.ActiveCfg = Debug|Any CPU
		{08EA4A4E-D815-47AE-9277-DA6672D36214}.NPDebug|Any CPU.Build.0 = Debug|Any CPU
		{08EA4A4E-D815-47AE-9277-DA6672D36214}.Release|Any CPU.ActiveCfg = Release|Any CPU
		{08EA4A4E-D815-47AE-9277-DA6672D36214}.Release|Any CPU.Build.0 = Release|Any CPU
		{BFE8068F-E441-44D2-896D-30FBB67946BF}.Debug|Any CPU.ActiveCfg = Debug|Any CPU
		{BFE8068F-E441-44D2-896D-30FBB67946BF}.Debug|Any CPU.Build.0 = Debug|Any CPU
		{BFE8068F-E441-44D2-896D-30FBB67946BF}.NPDebug|Any CPU.ActiveCfg = Debug|Any CPU
		{BFE8068F-E441-44D2-896D-30FBB67946BF}.NPDebug|Any CPU.Build.0 = Debug|Any CPU
		{BFE8068F-E441-44D2-896D-30FBB67946BF}.Release|Any CPU.ActiveCfg = Release|Any CPU
		{BFE8068F-E441-44D2-896D-30FBB67946BF}.Release|Any CPU.Build.0 = Release|Any CPU
		{A2A8E75D-1FDA-43FB-99F3-AFF9958F654A}.Debug|Any CPU.ActiveCfg = Debug|Any CPU
		{A2A8E75D-1FDA-43FB-99F3-AFF9958F654A}.Debug|Any CPU.Build.0 = Debug|Any CPU
		{A2A8E75D-1FDA-43FB-99F3-AFF9958F654A}.NPDebug|Any CPU.ActiveCfg = Debug|Any CPU
		{A2A8E75D-1FDA-43FB-99F3-AFF9958F654A}.NPDebug|Any CPU.Build.0 = Debug|Any CPU
		{A2A8E75D-1FDA-43FB-99F3-AFF9958F654A}.Release|Any CPU.ActiveCfg = Release|Any CPU
		{A2A8E75D-1FDA-43FB-99F3-AFF9958F654A}.Release|Any CPU.Build.0 = Release|Any CPU
		{5C26AF7B-1C83-49BD-9ED1-6A880103D293}.Debug|Any CPU.ActiveCfg = Debug|Any CPU
		{5C26AF7B-1C83-49BD-9ED1-6A880103D293}.Debug|Any CPU.Build.0 = Debug|Any CPU
		{5C26AF7B-1C83-49BD-9ED1-6A880103D293}.NPDebug|Any CPU.ActiveCfg = Debug|Any CPU
		{5C26AF7B-1C83-49BD-9ED1-6A880103D293}.NPDebug|Any CPU.Build.0 = Debug|Any CPU
		{5C26AF7B-1C83-49BD-9ED1-6A880103D293}.Release|Any CPU.ActiveCfg = Release|Any CPU
		{5C26AF7B-1C83-49BD-9ED1-6A880103D293}.Release|Any CPU.Build.0 = Release|Any CPU
		{AFCF2122-DB43-461C-9FDF-41ADEC10A375}.Debug|Any CPU.ActiveCfg = Debug|Any CPU
		{AFCF2122-DB43-461C-9FDF-41ADEC10A375}.Debug|Any CPU.Build.0 = Debug|Any CPU
		{AFCF2122-DB43-461C-9FDF-41ADEC10A375}.NPDebug|Any CPU.ActiveCfg = Debug|Any CPU
		{AFCF2122-DB43-461C-9FDF-41ADEC10A375}.NPDebug|Any CPU.Build.0 = Debug|Any CPU
		{AFCF2122-DB43-461C-9FDF-41ADEC10A375}.Release|Any CPU.ActiveCfg = Release|Any CPU
		{AFCF2122-DB43-461C-9FDF-41ADEC10A375}.Release|Any CPU.Build.0 = Release|Any CPU
		{0DE125B6-B3ED-4459-8696-B5D851AD89A0}.Debug|Any CPU.ActiveCfg = Debug|Any CPU
		{0DE125B6-B3ED-4459-8696-B5D851AD89A0}.Debug|Any CPU.Build.0 = Debug|Any CPU
		{0DE125B6-B3ED-4459-8696-B5D851AD89A0}.NPDebug|Any CPU.ActiveCfg = Debug|Any CPU
		{0DE125B6-B3ED-4459-8696-B5D851AD89A0}.NPDebug|Any CPU.Build.0 = Debug|Any CPU
		{0DE125B6-B3ED-4459-8696-B5D851AD89A0}.Release|Any CPU.ActiveCfg = Release|Any CPU
		{0DE125B6-B3ED-4459-8696-B5D851AD89A0}.Release|Any CPU.Build.0 = Release|Any CPU
		{919AE8A0-C964-4746-94A9-BC61A2546E78}.Debug|Any CPU.ActiveCfg = Debug|Any CPU
		{919AE8A0-C964-4746-94A9-BC61A2546E78}.Debug|Any CPU.Build.0 = Debug|Any CPU
		{919AE8A0-C964-4746-94A9-BC61A2546E78}.NPDebug|Any CPU.ActiveCfg = Debug|Any CPU
		{919AE8A0-C964-4746-94A9-BC61A2546E78}.NPDebug|Any CPU.Build.0 = Debug|Any CPU
		{919AE8A0-C964-4746-94A9-BC61A2546E78}.Release|Any CPU.ActiveCfg = Release|Any CPU
		{919AE8A0-C964-4746-94A9-BC61A2546E78}.Release|Any CPU.Build.0 = Release|Any CPU
		{5B200A79-0358-438D-8DCE-F3E40E9E88A7}.Debug|Any CPU.ActiveCfg = Debug|Any CPU
		{5B200A79-0358-438D-8DCE-F3E40E9E88A7}.Debug|Any CPU.Build.0 = Debug|Any CPU
		{5B200A79-0358-438D-8DCE-F3E40E9E88A7}.NPDebug|Any CPU.ActiveCfg = Debug|Any CPU
		{5B200A79-0358-438D-8DCE-F3E40E9E88A7}.NPDebug|Any CPU.Build.0 = Debug|Any CPU
		{5B200A79-0358-438D-8DCE-F3E40E9E88A7}.Release|Any CPU.ActiveCfg = Release|Any CPU
		{5B200A79-0358-438D-8DCE-F3E40E9E88A7}.Release|Any CPU.Build.0 = Release|Any CPU
		{DA036CC8-85CC-4A2B-B557-0A222A4486C3}.Debug|Any CPU.ActiveCfg = Debug|Any CPU
		{DA036CC8-85CC-4A2B-B557-0A222A4486C3}.Debug|Any CPU.Build.0 = Debug|Any CPU
		{DA036CC8-85CC-4A2B-B557-0A222A4486C3}.NPDebug|Any CPU.ActiveCfg = Debug|Any CPU
		{DA036CC8-85CC-4A2B-B557-0A222A4486C3}.NPDebug|Any CPU.Build.0 = Debug|Any CPU
		{DA036CC8-85CC-4A2B-B557-0A222A4486C3}.Release|Any CPU.ActiveCfg = Release|Any CPU
		{DA036CC8-85CC-4A2B-B557-0A222A4486C3}.Release|Any CPU.Build.0 = Release|Any CPU
		{F9370CA4-AB57-4BC8-BAA5-FDAEA8DB3F3F}.Debug|Any CPU.ActiveCfg = Debug|Any CPU
		{F9370CA4-AB57-4BC8-BAA5-FDAEA8DB3F3F}.Debug|Any CPU.Build.0 = Debug|Any CPU
		{F9370CA4-AB57-4BC8-BAA5-FDAEA8DB3F3F}.NPDebug|Any CPU.ActiveCfg = Debug|Any CPU
		{F9370CA4-AB57-4BC8-BAA5-FDAEA8DB3F3F}.NPDebug|Any CPU.Build.0 = Debug|Any CPU
		{F9370CA4-AB57-4BC8-BAA5-FDAEA8DB3F3F}.Release|Any CPU.ActiveCfg = Release|Any CPU
		{F9370CA4-AB57-4BC8-BAA5-FDAEA8DB3F3F}.Release|Any CPU.Build.0 = Release|Any CPU
		{B06307FD-4319-4C0F-BF01-43900D5B36BB}.Debug|Any CPU.ActiveCfg = Debug|Any CPU
		{B06307FD-4319-4C0F-BF01-43900D5B36BB}.Debug|Any CPU.Build.0 = Debug|Any CPU
		{B06307FD-4319-4C0F-BF01-43900D5B36BB}.NPDebug|Any CPU.ActiveCfg = Debug|Any CPU
		{B06307FD-4319-4C0F-BF01-43900D5B36BB}.NPDebug|Any CPU.Build.0 = Debug|Any CPU
		{B06307FD-4319-4C0F-BF01-43900D5B36BB}.Release|Any CPU.ActiveCfg = Release|Any CPU
		{B06307FD-4319-4C0F-BF01-43900D5B36BB}.Release|Any CPU.Build.0 = Release|Any CPU
		{3F36ED87-8751-499D-8FD0-F5D6E2ED4A8A}.Debug|Any CPU.ActiveCfg = Debug|Any CPU
		{3F36ED87-8751-499D-8FD0-F5D6E2ED4A8A}.Debug|Any CPU.Build.0 = Debug|Any CPU
		{3F36ED87-8751-499D-8FD0-F5D6E2ED4A8A}.NPDebug|Any CPU.ActiveCfg = Debug|Any CPU
		{3F36ED87-8751-499D-8FD0-F5D6E2ED4A8A}.NPDebug|Any CPU.Build.0 = Debug|Any CPU
		{3F36ED87-8751-499D-8FD0-F5D6E2ED4A8A}.Release|Any CPU.ActiveCfg = Release|Any CPU
		{3F36ED87-8751-499D-8FD0-F5D6E2ED4A8A}.Release|Any CPU.Build.0 = Release|Any CPU
		{4DBE5E36-4B54-4E5F-9B4F-5BBF33A3CEF1}.Debug|Any CPU.ActiveCfg = Debug|Any CPU
		{4DBE5E36-4B54-4E5F-9B4F-5BBF33A3CEF1}.Debug|Any CPU.Build.0 = Debug|Any CPU
		{4DBE5E36-4B54-4E5F-9B4F-5BBF33A3CEF1}.NPDebug|Any CPU.ActiveCfg = Debug|Any CPU
		{4DBE5E36-4B54-4E5F-9B4F-5BBF33A3CEF1}.NPDebug|Any CPU.Build.0 = Debug|Any CPU
		{4DBE5E36-4B54-4E5F-9B4F-5BBF33A3CEF1}.Release|Any CPU.ActiveCfg = Release|Any CPU
		{4DBE5E36-4B54-4E5F-9B4F-5BBF33A3CEF1}.Release|Any CPU.Build.0 = Release|Any CPU
		{CDA729CD-CD5E-4700-8308-B4B916C8EAB9}.Debug|Any CPU.ActiveCfg = Debug|Any CPU
		{CDA729CD-CD5E-4700-8308-B4B916C8EAB9}.Debug|Any CPU.Build.0 = Debug|Any CPU
		{CDA729CD-CD5E-4700-8308-B4B916C8EAB9}.NPDebug|Any CPU.ActiveCfg = Debug|Any CPU
		{CDA729CD-CD5E-4700-8308-B4B916C8EAB9}.NPDebug|Any CPU.Build.0 = Debug|Any CPU
		{CDA729CD-CD5E-4700-8308-B4B916C8EAB9}.Release|Any CPU.ActiveCfg = Release|Any CPU
		{CDA729CD-CD5E-4700-8308-B4B916C8EAB9}.Release|Any CPU.Build.0 = Release|Any CPU
		{58794EC8-775B-4EA6-A12C-F330AB03B0F8}.Debug|Any CPU.ActiveCfg = Debug|Any CPU
		{58794EC8-775B-4EA6-A12C-F330AB03B0F8}.Debug|Any CPU.Build.0 = Debug|Any CPU
		{58794EC8-775B-4EA6-A12C-F330AB03B0F8}.NPDebug|Any CPU.ActiveCfg = Debug|Any CPU
		{58794EC8-775B-4EA6-A12C-F330AB03B0F8}.NPDebug|Any CPU.Build.0 = Debug|Any CPU
		{58794EC8-775B-4EA6-A12C-F330AB03B0F8}.Release|Any CPU.ActiveCfg = Release|Any CPU
		{71694F33-A9C9-4C84-B21A-1F5488784167}.Debug|Any CPU.ActiveCfg = Debug|Any CPU
		{71694F33-A9C9-4C84-B21A-1F5488784167}.Debug|Any CPU.Build.0 = Debug|Any CPU
		{71694F33-A9C9-4C84-B21A-1F5488784167}.NPDebug|Any CPU.ActiveCfg = Debug|Any CPU
		{71694F33-A9C9-4C84-B21A-1F5488784167}.NPDebug|Any CPU.Build.0 = Debug|Any CPU
		{71694F33-A9C9-4C84-B21A-1F5488784167}.Release|Any CPU.ActiveCfg = Release|Any CPU
		{71694F33-A9C9-4C84-B21A-1F5488784167}.Release|Any CPU.Build.0 = Release|Any CPU
		{934FDD6D-60BA-4478-975C-0C692C1AC4BB}.Debug|Any CPU.ActiveCfg = Debug|Any CPU
		{934FDD6D-60BA-4478-975C-0C692C1AC4BB}.Debug|Any CPU.Build.0 = Debug|Any CPU
		{934FDD6D-60BA-4478-975C-0C692C1AC4BB}.NPDebug|Any CPU.ActiveCfg = Debug|Any CPU
		{934FDD6D-60BA-4478-975C-0C692C1AC4BB}.NPDebug|Any CPU.Build.0 = Debug|Any CPU
		{934FDD6D-60BA-4478-975C-0C692C1AC4BB}.Release|Any CPU.ActiveCfg = Release|Any CPU
		{934FDD6D-60BA-4478-975C-0C692C1AC4BB}.Release|Any CPU.Build.0 = Release|Any CPU
		{4D7EE000-E58D-4EB8-8DB3-B3BFED50CFFB}.Debug|Any CPU.ActiveCfg = Debug|Any CPU
		{4D7EE000-E58D-4EB8-8DB3-B3BFED50CFFB}.Debug|Any CPU.Build.0 = Debug|Any CPU
		{4D7EE000-E58D-4EB8-8DB3-B3BFED50CFFB}.NPDebug|Any CPU.ActiveCfg = Debug|Any CPU
		{4D7EE000-E58D-4EB8-8DB3-B3BFED50CFFB}.NPDebug|Any CPU.Build.0 = Debug|Any CPU
		{4D7EE000-E58D-4EB8-8DB3-B3BFED50CFFB}.Release|Any CPU.ActiveCfg = Release|Any CPU
		{4D7EE000-E58D-4EB8-8DB3-B3BFED50CFFB}.Release|Any CPU.Build.0 = Release|Any CPU
		{06933DCA-EB38-4766-9794-A4EC0F5DA135}.Debug|Any CPU.ActiveCfg = Debug|Any CPU
		{06933DCA-EB38-4766-9794-A4EC0F5DA135}.Debug|Any CPU.Build.0 = Debug|Any CPU
		{06933DCA-EB38-4766-9794-A4EC0F5DA135}.NPDebug|Any CPU.ActiveCfg = Debug|Any CPU
		{06933DCA-EB38-4766-9794-A4EC0F5DA135}.NPDebug|Any CPU.Build.0 = Debug|Any CPU
		{06933DCA-EB38-4766-9794-A4EC0F5DA135}.Release|Any CPU.ActiveCfg = Release|Any CPU
		{06933DCA-EB38-4766-9794-A4EC0F5DA135}.Release|Any CPU.Build.0 = Release|Any CPU
	EndGlobalSection
	GlobalSection(SolutionProperties) = preSolution
		HideSolutionNode = FALSE
	EndGlobalSection
	GlobalSection(NestedProjects) = preSolution
		{08EA4A4E-D815-47AE-9277-DA6672D36214} = {72857B67-3003-486C-9BB3-34AF5748BE95}
		{4DBE5E36-4B54-4E5F-9B4F-5BBF33A3CEF1} = {72857B67-3003-486C-9BB3-34AF5748BE95}
		{CDA729CD-CD5E-4700-8308-B4B916C8EAB9} = {72857B67-3003-486C-9BB3-34AF5748BE95}
		{58794EC8-775B-4EA6-A12C-F330AB03B0F8} = {72857B67-3003-486C-9BB3-34AF5748BE95}
		{71694F33-A9C9-4C84-B21A-1F5488784167} = {72857B67-3003-486C-9BB3-34AF5748BE95}
		{934FDD6D-60BA-4478-975C-0C692C1AC4BB} = {72857B67-3003-486C-9BB3-34AF5748BE95}
		{4D7EE000-E58D-4EB8-8DB3-B3BFED50CFFB} = {72857B67-3003-486C-9BB3-34AF5748BE95}
		{06933DCA-EB38-4766-9794-A4EC0F5DA135} = {72857B67-3003-486C-9BB3-34AF5748BE95}
	EndGlobalSection
	GlobalSection(ExtensibilityGlobals) = postSolution
		SolutionGuid = {C3414313-7017-4FA4-9609-1C5DD252B9A7}
	EndGlobalSection
EndGlobal
