
Microsoft Visual Studio Solution File, Format Version 12.00
# Visual Studio Express 2012 for Web
Project("{2150E333-8FDC-42A3-9474-1A3956D46DE8}") = "Dependencies", "Dependencies", "{72857B67-3003-486C-9BB3-34AF5748BE95}"
EndProject
Project("{FAE04EC0-301F-11D3-BF4B-00C04F79EFBC}") = "JJ.Framework.Persistence", "Framework\JJ.Framework.Persistence\JJ.Framework.Persistence.csproj", "{7ADEDDCE-6903-4A58-94F5-D0B39B21330F}"
EndProject
Project("{FAE04EC0-301F-11D3-BF4B-00C04F79EFBC}") = "JJ.Framework.Persistence.NHibernate", "Framework\JJ.Framework.Persistence.NHibernate\JJ.Framework.Persistence.NHibernate.csproj", "{DB783ED9-FDE6-458F-A094-457B7F4283A0}"
EndProject
Project("{FAE04EC0-301F-11D3-BF4B-00C04F79EFBC}") = "JJ.Framework.Configuration", "Framework\JJ.Framework.Configuration\JJ.Framework.Configuration.csproj", "{805A8237-05ED-40AE-8D1A-9288373EA5E0}"
EndProject
Project("{FAE04EC0-301F-11D3-BF4B-00C04F79EFBC}") = "JJ.Framework.Reflection", "Framework\JJ.Framework.Reflection\JJ.Framework.Reflection.csproj", "{1A8E047C-7893-4918-B415-CE3928E815D8}"
EndProject
Project("{FAE04EC0-301F-11D3-BF4B-00C04F79EFBC}") = "JJ.Framework.Common", "Framework\JJ.Framework.Common\JJ.Framework.Common.csproj", "{44FD9133-5FE7-4824-BD35-27273706D127}"
EndProject
Project("{FAE04EC0-301F-11D3-BF4B-00C04F79EFBC}") = "JJ.Framework.Persistence.EntityFramework5", "Framework\JJ.Framework.Persistence.EntityFramework5\JJ.Framework.Persistence.EntityFramework5.csproj", "{9676E4C3-1A1F-45B8-8FFD-C398F14002E7}"
EndProject
Project("{FAE04EC0-301F-11D3-BF4B-00C04F79EFBC}") = "JJ.Framework.Testing", "Framework\JJ.Framework.Testing\JJ.Framework.Testing.csproj", "{369D4E9E-4EFF-4699-83B3-C4951EE0A3C3}"
EndProject
Project("{FAE04EC0-301F-11D3-BF4B-00C04F79EFBC}") = "JJ.Framework.IO", "Framework\JJ.Framework.IO\JJ.Framework.IO.csproj", "{C600657B-7E29-44B5-83A1-747FAB30D5D0}"
EndProject
Project("{FAE04EC0-301F-11D3-BF4B-00C04F79EFBC}") = "JJ.Framework.Presentation.WinForms", "Framework\JJ.Framework.Presentation.WinForms\JJ.Framework.Presentation.WinForms.csproj", "{84A66716-C686-4B8E-A092-CFE38CA7DDE0}"
EndProject
Project("{FAE04EC0-301F-11D3-BF4B-00C04F79EFBC}") = "JJ.Framework.Validation", "Framework\JJ.Framework.Validation\JJ.Framework.Validation.csproj", "{59DDC853-62AF-4F86-A803-3D4DD491E978}"
EndProject
Project("{FAE04EC0-301F-11D3-BF4B-00C04F79EFBC}") = "JJ.Framework.Mathematics", "Framework\JJ.Framework.Mathematics\JJ.Framework.Mathematics.csproj", "{810B90B9-F501-4B91-B019-2AD5AAD63304}"
EndProject
Project("{FAE04EC0-301F-11D3-BF4B-00C04F79EFBC}") = "JJ.Framework.Xml", "Framework\JJ.Framework.Xml\JJ.Framework.Xml.csproj", "{F6EA0941-40FF-4679-A1A6-EACD5C9BA42B}"
EndProject
Project("{FAE04EC0-301F-11D3-BF4B-00C04F79EFBC}") = "JJ.Business.CanonicalModel", "Business\JJ.Business.CanonicalModel\JJ.Business.CanonicalModel.csproj", "{08EA4A4E-D815-47AE-9277-DA6672D36214}"
EndProject
Project("{FAE04EC0-301F-11D3-BF4B-00C04F79EFBC}") = "JJ.Framework.Presentation", "Framework\JJ.Framework.Presentation\JJ.Framework.Presentation.csproj", "{79B0EAC3-5159-4FC8-B3D8-53315B205444}"
EndProject
Project("{FAE04EC0-301F-11D3-BF4B-00C04F79EFBC}") = "SgmlReaderDll", "External Components\SgmlReader\Source Code Adapted\sgmlreaderdll\SgmlReaderDll.csproj", "{499527FF-AE52-450F-B3E3-4AD53E1712AD}"
EndProject
Project("{FAE04EC0-301F-11D3-BF4B-00C04F79EFBC}") = "JJ.Framework.Persistence.Memory", "Framework\JJ.Framework.Persistence.Memory\JJ.Framework.Persistence.Memory.csproj", "{86348B50-ECA9-4849-A221-73F0ED31713B}"
EndProject
Project("{FAE04EC0-301F-11D3-BF4B-00C04F79EFBC}") = "JJ.Framework.PlatformCompatibility", "Framework\JJ.Framework.PlatformCompatibility\JJ.Framework.PlatformCompatibility.csproj", "{59622A6E-A9AE-438C-A164-05DEA2FCF8CF}"
EndProject
Project("{FAE04EC0-301F-11D3-BF4B-00C04F79EFBC}") = "JJ.Framework.Presentation.Resources", "Framework\JJ.Framework.Presentation.Resources\JJ.Framework.Presentation.Resources.csproj", "{40A53175-8048-4F2D-93CA-383074C0267E}"
EndProject
Project("{FAE04EC0-301F-11D3-BF4B-00C04F79EFBC}") = "JJ.Framework.Business", "Framework\JJ.Framework.Business\JJ.Framework.Business.csproj", "{F44D03E8-FEEC-40D4-B866-A87799185B4C}"
EndProject
Project("{FAE04EC0-301F-11D3-BF4B-00C04F79EFBC}") = "JJ.Framework.Persistence.SqlClient", "Framework\JJ.Framework.Persistence.SqlClient\JJ.Framework.Persistence.SqlClient.csproj", "{CEB85F8E-D429-4510-95A5-47CC3069D412}"
EndProject
Project("{FAE04EC0-301F-11D3-BF4B-00C04F79EFBC}") = "JJ.Persistence.Synthesizer", "Persistence\JJ.Persistence.Synthesizer\JJ.Persistence.Synthesizer.csproj", "{BFE8068F-E441-44D2-896D-30FBB67946BF}"
EndProject
Project("{FAE04EC0-301F-11D3-BF4B-00C04F79EFBC}") = "JJ.Business.Synthesizer", "Business\JJ.Business.Synthesizer\JJ.Business.Synthesizer.csproj", "{A2A8E75D-1FDA-43FB-99F3-AFF9958F654A}"
EndProject
Project("{FAE04EC0-301F-11D3-BF4B-00C04F79EFBC}") = "JJ.Persistence.Synthesizer.DefaultRepositories", "Persistence\JJ.Persistence.Synthesizer.DefaultRepositories\JJ.Persistence.Synthesizer.DefaultRepositories.csproj", "{31660F5F-6141-4DA5-B364-6C0717B8F0A9}"
EndProject
Project("{FAE04EC0-301F-11D3-BF4B-00C04F79EFBC}") = "JJ.Business.Synthesizer.Tests", "Business\JJ.Business.Synthesizer.Tests\JJ.Business.Synthesizer.Tests.csproj", "{5C26AF7B-1C83-49BD-9ED1-6A880103D293}"
EndProject
Project("{FAE04EC0-301F-11D3-BF4B-00C04F79EFBC}") = "JJ.Persistence.Synthesizer.Memory", "Persistence\JJ.Persistence.Synthesizer.Memory\JJ.Persistence.Synthesizer.Memory.csproj", "{BC3BE171-AD84-4EE4-8356-06A581BDCDF7}"
EndProject
Project("{FAE04EC0-301F-11D3-BF4B-00C04F79EFBC}") = "JJ.Persistence.Synthesizer.NHibernate", "Persistence\JJ.Persistence.Synthesizer.NHibernate\JJ.Persistence.Synthesizer.NHibernate.csproj", "{AFCF2122-DB43-461C-9FDF-41ADEC10A375}"
EndProject
Project("{FAE04EC0-301F-11D3-BF4B-00C04F79EFBC}") = "JJ.Persistence.Synthesizer.SqlClient", "Persistence\JJ.Persistence.Synthesizer.SqlClient\JJ.Persistence.Synthesizer.SqlClient.csproj", "{0DE125B6-B3ED-4459-8696-B5D851AD89A0}"
EndProject
Project("{FAE04EC0-301F-11D3-BF4B-00C04F79EFBC}") = "JJ.Presentation.Synthesizer", "Presentation\JJ.Presentation.Synthesizer\JJ.Presentation.Synthesizer.csproj", "{919AE8A0-C964-4746-94A9-BC61A2546E78}"
EndProject
Project("{FAE04EC0-301F-11D3-BF4B-00C04F79EFBC}") = "JJ.Framework.Presentation.Svg", "Framework\JJ.Framework.Presentation.Svg\JJ.Framework.Presentation.Svg.csproj", "{52E03E08-331A-4CA7-8D8F-6F598C94EED4}"
EndProject
Project("{FAE04EC0-301F-11D3-BF4B-00C04F79EFBC}") = "JJ.Framework.Presentation.Drawing", "Framework\JJ.Framework.Presentation.Drawing\JJ.Framework.Presentation.Drawing.csproj", "{21802A52-F4F7-4366-B61D-06E1FB337B86}"
EndProject
Project("{FAE04EC0-301F-11D3-BF4B-00C04F79EFBC}") = "JJ.Framework.Presentation.WinForms.TestForms", "Framework\JJ.Framework.Presentation.WinForms.TestForms\JJ.Framework.Presentation.WinForms.TestForms.csproj", "{1ED07700-D0FE-4397-A6A2-5FAAB025A0D9}"
EndProject
Project("{FAE04EC0-301F-11D3-BF4B-00C04F79EFBC}") = "JJ.Framework.Presentation.Svg.Tests", "Framework\JJ.Framework.Presentation.Svg.Tests\JJ.Framework.Presentation.Svg.Tests.csproj", "{AE5758E9-37E7-41FE-844D-A91471DB8FA5}"
EndProject
Project("{FAE04EC0-301F-11D3-BF4B-00C04F79EFBC}") = "JJ.Presentation.Synthesizer.WinForms", "Presentation\JJ.Presentation.Synthesizer.WinForms\JJ.Presentation.Synthesizer.WinForms.csproj", "{5B200A79-0358-438D-8DCE-F3E40E9E88A7}"
EndProject
Project("{FAE04EC0-301F-11D3-BF4B-00C04F79EFBC}") = "JJ.Presentation.Synthesizer.Svg", "Presentation\JJ.Presentation.Synthesizer.Svg\JJ.Presentation.Synthesizer.Svg.csproj", "{DA036CC8-85CC-4A2B-B557-0A222A4486C3}"
EndProject
Global
	GlobalSection(SolutionConfigurationPlatforms) = preSolution
		Debug|Any CPU = Debug|Any CPU
		Debug|Mixed Platforms = Debug|Mixed Platforms
		Debug|x64 = Debug|x64
		Debug|x86 = Debug|x86
		NPDebug|Any CPU = NPDebug|Any CPU
		NPDebug|Mixed Platforms = NPDebug|Mixed Platforms
		NPDebug|x64 = NPDebug|x64
		NPDebug|x86 = NPDebug|x86
		Release|Any CPU = Release|Any CPU
		Release|Mixed Platforms = Release|Mixed Platforms
		Release|x64 = Release|x64
		Release|x86 = Release|x86
	EndGlobalSection
	GlobalSection(ProjectConfigurationPlatforms) = postSolution
		{7ADEDDCE-6903-4A58-94F5-D0B39B21330F}.Debug|Any CPU.ActiveCfg = Debug|Any CPU
		{7ADEDDCE-6903-4A58-94F5-D0B39B21330F}.Debug|Any CPU.Build.0 = Debug|Any CPU
		{7ADEDDCE-6903-4A58-94F5-D0B39B21330F}.Debug|Mixed Platforms.ActiveCfg = Debug|Any CPU
		{7ADEDDCE-6903-4A58-94F5-D0B39B21330F}.Debug|Mixed Platforms.Build.0 = Debug|Any CPU
		{7ADEDDCE-6903-4A58-94F5-D0B39B21330F}.Debug|x64.ActiveCfg = Debug|Any CPU
		{7ADEDDCE-6903-4A58-94F5-D0B39B21330F}.Debug|x86.ActiveCfg = Debug|Any CPU
		{7ADEDDCE-6903-4A58-94F5-D0B39B21330F}.Debug|x86.Build.0 = Debug|Any CPU
		{7ADEDDCE-6903-4A58-94F5-D0B39B21330F}.NPDebug|Any CPU.ActiveCfg = Debug|Any CPU
		{7ADEDDCE-6903-4A58-94F5-D0B39B21330F}.NPDebug|Any CPU.Build.0 = Debug|Any CPU
		{7ADEDDCE-6903-4A58-94F5-D0B39B21330F}.NPDebug|Mixed Platforms.ActiveCfg = Debug|Any CPU
		{7ADEDDCE-6903-4A58-94F5-D0B39B21330F}.NPDebug|Mixed Platforms.Build.0 = Debug|Any CPU
		{7ADEDDCE-6903-4A58-94F5-D0B39B21330F}.NPDebug|x64.ActiveCfg = Debug|Any CPU
		{7ADEDDCE-6903-4A58-94F5-D0B39B21330F}.NPDebug|x86.ActiveCfg = Debug|Any CPU
		{7ADEDDCE-6903-4A58-94F5-D0B39B21330F}.Release|Any CPU.ActiveCfg = Release|Any CPU
		{7ADEDDCE-6903-4A58-94F5-D0B39B21330F}.Release|Any CPU.Build.0 = Release|Any CPU
		{7ADEDDCE-6903-4A58-94F5-D0B39B21330F}.Release|Mixed Platforms.ActiveCfg = Release|Any CPU
		{7ADEDDCE-6903-4A58-94F5-D0B39B21330F}.Release|Mixed Platforms.Build.0 = Release|Any CPU
		{7ADEDDCE-6903-4A58-94F5-D0B39B21330F}.Release|x64.ActiveCfg = Release|Any CPU
		{7ADEDDCE-6903-4A58-94F5-D0B39B21330F}.Release|x86.ActiveCfg = Release|Any CPU
		{DB783ED9-FDE6-458F-A094-457B7F4283A0}.Debug|Any CPU.ActiveCfg = Debug|Any CPU
		{DB783ED9-FDE6-458F-A094-457B7F4283A0}.Debug|Any CPU.Build.0 = Debug|Any CPU
		{DB783ED9-FDE6-458F-A094-457B7F4283A0}.Debug|Mixed Platforms.ActiveCfg = Debug|Any CPU
		{DB783ED9-FDE6-458F-A094-457B7F4283A0}.Debug|Mixed Platforms.Build.0 = Debug|Any CPU
		{DB783ED9-FDE6-458F-A094-457B7F4283A0}.Debug|x64.ActiveCfg = Debug|Any CPU
		{DB783ED9-FDE6-458F-A094-457B7F4283A0}.Debug|x86.ActiveCfg = Debug|Any CPU
		{DB783ED9-FDE6-458F-A094-457B7F4283A0}.Debug|x86.Build.0 = Debug|Any CPU
		{DB783ED9-FDE6-458F-A094-457B7F4283A0}.NPDebug|Any CPU.ActiveCfg = Debug|Any CPU
		{DB783ED9-FDE6-458F-A094-457B7F4283A0}.NPDebug|Any CPU.Build.0 = Debug|Any CPU
		{DB783ED9-FDE6-458F-A094-457B7F4283A0}.NPDebug|Mixed Platforms.ActiveCfg = Debug|Any CPU
		{DB783ED9-FDE6-458F-A094-457B7F4283A0}.NPDebug|Mixed Platforms.Build.0 = Debug|Any CPU
		{DB783ED9-FDE6-458F-A094-457B7F4283A0}.NPDebug|x64.ActiveCfg = Debug|Any CPU
		{DB783ED9-FDE6-458F-A094-457B7F4283A0}.NPDebug|x86.ActiveCfg = Debug|Any CPU
		{DB783ED9-FDE6-458F-A094-457B7F4283A0}.Release|Any CPU.ActiveCfg = Release|Any CPU
		{DB783ED9-FDE6-458F-A094-457B7F4283A0}.Release|Any CPU.Build.0 = Release|Any CPU
		{DB783ED9-FDE6-458F-A094-457B7F4283A0}.Release|Mixed Platforms.ActiveCfg = Release|Any CPU
		{DB783ED9-FDE6-458F-A094-457B7F4283A0}.Release|Mixed Platforms.Build.0 = Release|Any CPU
		{DB783ED9-FDE6-458F-A094-457B7F4283A0}.Release|x64.ActiveCfg = Release|Any CPU
		{DB783ED9-FDE6-458F-A094-457B7F4283A0}.Release|x86.ActiveCfg = Release|Any CPU
		{805A8237-05ED-40AE-8D1A-9288373EA5E0}.Debug|Any CPU.ActiveCfg = Debug|Any CPU
		{805A8237-05ED-40AE-8D1A-9288373EA5E0}.Debug|Any CPU.Build.0 = Debug|Any CPU
		{805A8237-05ED-40AE-8D1A-9288373EA5E0}.Debug|Mixed Platforms.ActiveCfg = Debug|Any CPU
		{805A8237-05ED-40AE-8D1A-9288373EA5E0}.Debug|Mixed Platforms.Build.0 = Debug|Any CPU
		{805A8237-05ED-40AE-8D1A-9288373EA5E0}.Debug|x64.ActiveCfg = Debug|Any CPU
		{805A8237-05ED-40AE-8D1A-9288373EA5E0}.Debug|x86.ActiveCfg = Debug|Any CPU
		{805A8237-05ED-40AE-8D1A-9288373EA5E0}.Debug|x86.Build.0 = Debug|Any CPU
		{805A8237-05ED-40AE-8D1A-9288373EA5E0}.NPDebug|Any CPU.ActiveCfg = Debug|Any CPU
		{805A8237-05ED-40AE-8D1A-9288373EA5E0}.NPDebug|Any CPU.Build.0 = Debug|Any CPU
		{805A8237-05ED-40AE-8D1A-9288373EA5E0}.NPDebug|Mixed Platforms.ActiveCfg = Debug|Any CPU
		{805A8237-05ED-40AE-8D1A-9288373EA5E0}.NPDebug|Mixed Platforms.Build.0 = Debug|Any CPU
		{805A8237-05ED-40AE-8D1A-9288373EA5E0}.NPDebug|x64.ActiveCfg = Debug|Any CPU
		{805A8237-05ED-40AE-8D1A-9288373EA5E0}.NPDebug|x86.ActiveCfg = Debug|Any CPU
		{805A8237-05ED-40AE-8D1A-9288373EA5E0}.Release|Any CPU.ActiveCfg = Release|Any CPU
		{805A8237-05ED-40AE-8D1A-9288373EA5E0}.Release|Any CPU.Build.0 = Release|Any CPU
		{805A8237-05ED-40AE-8D1A-9288373EA5E0}.Release|Mixed Platforms.ActiveCfg = Release|Any CPU
		{805A8237-05ED-40AE-8D1A-9288373EA5E0}.Release|Mixed Platforms.Build.0 = Release|Any CPU
		{805A8237-05ED-40AE-8D1A-9288373EA5E0}.Release|x64.ActiveCfg = Release|Any CPU
		{805A8237-05ED-40AE-8D1A-9288373EA5E0}.Release|x86.ActiveCfg = Release|Any CPU
		{1A8E047C-7893-4918-B415-CE3928E815D8}.Debug|Any CPU.ActiveCfg = Debug|Any CPU
		{1A8E047C-7893-4918-B415-CE3928E815D8}.Debug|Any CPU.Build.0 = Debug|Any CPU
		{1A8E047C-7893-4918-B415-CE3928E815D8}.Debug|Mixed Platforms.ActiveCfg = Debug|Any CPU
		{1A8E047C-7893-4918-B415-CE3928E815D8}.Debug|Mixed Platforms.Build.0 = Debug|Any CPU
		{1A8E047C-7893-4918-B415-CE3928E815D8}.Debug|x64.ActiveCfg = Debug|Any CPU
		{1A8E047C-7893-4918-B415-CE3928E815D8}.Debug|x86.ActiveCfg = Debug|Any CPU
		{1A8E047C-7893-4918-B415-CE3928E815D8}.Debug|x86.Build.0 = Debug|Any CPU
		{1A8E047C-7893-4918-B415-CE3928E815D8}.NPDebug|Any CPU.ActiveCfg = Debug|Any CPU
		{1A8E047C-7893-4918-B415-CE3928E815D8}.NPDebug|Any CPU.Build.0 = Debug|Any CPU
		{1A8E047C-7893-4918-B415-CE3928E815D8}.NPDebug|Mixed Platforms.ActiveCfg = Debug|Any CPU
		{1A8E047C-7893-4918-B415-CE3928E815D8}.NPDebug|Mixed Platforms.Build.0 = Debug|Any CPU
		{1A8E047C-7893-4918-B415-CE3928E815D8}.NPDebug|x64.ActiveCfg = Debug|Any CPU
		{1A8E047C-7893-4918-B415-CE3928E815D8}.NPDebug|x86.ActiveCfg = Debug|Any CPU
		{1A8E047C-7893-4918-B415-CE3928E815D8}.Release|Any CPU.ActiveCfg = Release|Any CPU
		{1A8E047C-7893-4918-B415-CE3928E815D8}.Release|Any CPU.Build.0 = Release|Any CPU
		{1A8E047C-7893-4918-B415-CE3928E815D8}.Release|Mixed Platforms.ActiveCfg = Release|Any CPU
		{1A8E047C-7893-4918-B415-CE3928E815D8}.Release|Mixed Platforms.Build.0 = Release|Any CPU
		{1A8E047C-7893-4918-B415-CE3928E815D8}.Release|x64.ActiveCfg = Release|Any CPU
		{1A8E047C-7893-4918-B415-CE3928E815D8}.Release|x86.ActiveCfg = Release|Any CPU
		{44FD9133-5FE7-4824-BD35-27273706D127}.Debug|Any CPU.ActiveCfg = Debug|Any CPU
		{44FD9133-5FE7-4824-BD35-27273706D127}.Debug|Any CPU.Build.0 = Debug|Any CPU
		{44FD9133-5FE7-4824-BD35-27273706D127}.Debug|Mixed Platforms.ActiveCfg = Debug|Any CPU
		{44FD9133-5FE7-4824-BD35-27273706D127}.Debug|Mixed Platforms.Build.0 = Debug|Any CPU
		{44FD9133-5FE7-4824-BD35-27273706D127}.Debug|x64.ActiveCfg = Debug|Any CPU
		{44FD9133-5FE7-4824-BD35-27273706D127}.Debug|x86.ActiveCfg = Debug|Any CPU
		{44FD9133-5FE7-4824-BD35-27273706D127}.Debug|x86.Build.0 = Debug|Any CPU
		{44FD9133-5FE7-4824-BD35-27273706D127}.NPDebug|Any CPU.ActiveCfg = Debug|Any CPU
		{44FD9133-5FE7-4824-BD35-27273706D127}.NPDebug|Any CPU.Build.0 = Debug|Any CPU
		{44FD9133-5FE7-4824-BD35-27273706D127}.NPDebug|Mixed Platforms.ActiveCfg = Debug|Any CPU
		{44FD9133-5FE7-4824-BD35-27273706D127}.NPDebug|Mixed Platforms.Build.0 = Debug|Any CPU
		{44FD9133-5FE7-4824-BD35-27273706D127}.NPDebug|x64.ActiveCfg = Debug|Any CPU
		{44FD9133-5FE7-4824-BD35-27273706D127}.NPDebug|x86.ActiveCfg = Debug|Any CPU
		{44FD9133-5FE7-4824-BD35-27273706D127}.Release|Any CPU.ActiveCfg = Release|Any CPU
		{44FD9133-5FE7-4824-BD35-27273706D127}.Release|Any CPU.Build.0 = Release|Any CPU
		{44FD9133-5FE7-4824-BD35-27273706D127}.Release|Mixed Platforms.ActiveCfg = Release|Any CPU
		{44FD9133-5FE7-4824-BD35-27273706D127}.Release|Mixed Platforms.Build.0 = Release|Any CPU
		{44FD9133-5FE7-4824-BD35-27273706D127}.Release|x64.ActiveCfg = Release|Any CPU
		{44FD9133-5FE7-4824-BD35-27273706D127}.Release|x86.ActiveCfg = Release|Any CPU
		{9676E4C3-1A1F-45B8-8FFD-C398F14002E7}.Debug|Any CPU.ActiveCfg = Debug|Any CPU
		{9676E4C3-1A1F-45B8-8FFD-C398F14002E7}.Debug|Any CPU.Build.0 = Debug|Any CPU
		{9676E4C3-1A1F-45B8-8FFD-C398F14002E7}.Debug|Mixed Platforms.ActiveCfg = Debug|Any CPU
		{9676E4C3-1A1F-45B8-8FFD-C398F14002E7}.Debug|Mixed Platforms.Build.0 = Debug|Any CPU
		{9676E4C3-1A1F-45B8-8FFD-C398F14002E7}.Debug|x64.ActiveCfg = Debug|Any CPU
		{9676E4C3-1A1F-45B8-8FFD-C398F14002E7}.Debug|x86.ActiveCfg = Debug|Any CPU
		{9676E4C3-1A1F-45B8-8FFD-C398F14002E7}.Debug|x86.Build.0 = Debug|Any CPU
		{9676E4C3-1A1F-45B8-8FFD-C398F14002E7}.NPDebug|Any CPU.ActiveCfg = Debug|Any CPU
		{9676E4C3-1A1F-45B8-8FFD-C398F14002E7}.NPDebug|Any CPU.Build.0 = Debug|Any CPU
		{9676E4C3-1A1F-45B8-8FFD-C398F14002E7}.NPDebug|Mixed Platforms.ActiveCfg = Debug|Any CPU
		{9676E4C3-1A1F-45B8-8FFD-C398F14002E7}.NPDebug|Mixed Platforms.Build.0 = Debug|Any CPU
		{9676E4C3-1A1F-45B8-8FFD-C398F14002E7}.NPDebug|x64.ActiveCfg = Debug|Any CPU
		{9676E4C3-1A1F-45B8-8FFD-C398F14002E7}.NPDebug|x86.ActiveCfg = Debug|Any CPU
		{9676E4C3-1A1F-45B8-8FFD-C398F14002E7}.Release|Any CPU.ActiveCfg = Release|Any CPU
		{9676E4C3-1A1F-45B8-8FFD-C398F14002E7}.Release|Any CPU.Build.0 = Release|Any CPU
		{9676E4C3-1A1F-45B8-8FFD-C398F14002E7}.Release|Mixed Platforms.ActiveCfg = Release|Any CPU
		{9676E4C3-1A1F-45B8-8FFD-C398F14002E7}.Release|Mixed Platforms.Build.0 = Release|Any CPU
		{9676E4C3-1A1F-45B8-8FFD-C398F14002E7}.Release|x64.ActiveCfg = Release|Any CPU
		{9676E4C3-1A1F-45B8-8FFD-C398F14002E7}.Release|x86.ActiveCfg = Release|Any CPU
		{369D4E9E-4EFF-4699-83B3-C4951EE0A3C3}.Debug|Any CPU.ActiveCfg = Debug|Any CPU
		{369D4E9E-4EFF-4699-83B3-C4951EE0A3C3}.Debug|Any CPU.Build.0 = Debug|Any CPU
		{369D4E9E-4EFF-4699-83B3-C4951EE0A3C3}.Debug|Mixed Platforms.ActiveCfg = Debug|Any CPU
		{369D4E9E-4EFF-4699-83B3-C4951EE0A3C3}.Debug|Mixed Platforms.Build.0 = Debug|Any CPU
		{369D4E9E-4EFF-4699-83B3-C4951EE0A3C3}.Debug|x64.ActiveCfg = Debug|Any CPU
		{369D4E9E-4EFF-4699-83B3-C4951EE0A3C3}.Debug|x86.ActiveCfg = Debug|Any CPU
		{369D4E9E-4EFF-4699-83B3-C4951EE0A3C3}.Debug|x86.Build.0 = Debug|Any CPU
		{369D4E9E-4EFF-4699-83B3-C4951EE0A3C3}.NPDebug|Any CPU.ActiveCfg = Debug|Any CPU
		{369D4E9E-4EFF-4699-83B3-C4951EE0A3C3}.NPDebug|Any CPU.Build.0 = Debug|Any CPU
		{369D4E9E-4EFF-4699-83B3-C4951EE0A3C3}.NPDebug|Mixed Platforms.ActiveCfg = Debug|Any CPU
		{369D4E9E-4EFF-4699-83B3-C4951EE0A3C3}.NPDebug|Mixed Platforms.Build.0 = Debug|Any CPU
		{369D4E9E-4EFF-4699-83B3-C4951EE0A3C3}.NPDebug|x64.ActiveCfg = Debug|Any CPU
		{369D4E9E-4EFF-4699-83B3-C4951EE0A3C3}.NPDebug|x86.ActiveCfg = Debug|Any CPU
		{369D4E9E-4EFF-4699-83B3-C4951EE0A3C3}.Release|Any CPU.ActiveCfg = Release|Any CPU
		{369D4E9E-4EFF-4699-83B3-C4951EE0A3C3}.Release|Any CPU.Build.0 = Release|Any CPU
		{369D4E9E-4EFF-4699-83B3-C4951EE0A3C3}.Release|Mixed Platforms.ActiveCfg = Release|Any CPU
		{369D4E9E-4EFF-4699-83B3-C4951EE0A3C3}.Release|Mixed Platforms.Build.0 = Release|Any CPU
		{369D4E9E-4EFF-4699-83B3-C4951EE0A3C3}.Release|x64.ActiveCfg = Release|Any CPU
		{369D4E9E-4EFF-4699-83B3-C4951EE0A3C3}.Release|x86.ActiveCfg = Release|Any CPU
		{C600657B-7E29-44B5-83A1-747FAB30D5D0}.Debug|Any CPU.ActiveCfg = Debug|Any CPU
		{C600657B-7E29-44B5-83A1-747FAB30D5D0}.Debug|Any CPU.Build.0 = Debug|Any CPU
		{C600657B-7E29-44B5-83A1-747FAB30D5D0}.Debug|Mixed Platforms.ActiveCfg = Debug|Any CPU
		{C600657B-7E29-44B5-83A1-747FAB30D5D0}.Debug|Mixed Platforms.Build.0 = Debug|Any CPU
		{C600657B-7E29-44B5-83A1-747FAB30D5D0}.Debug|x64.ActiveCfg = Debug|Any CPU
		{C600657B-7E29-44B5-83A1-747FAB30D5D0}.Debug|x86.ActiveCfg = Debug|Any CPU
		{C600657B-7E29-44B5-83A1-747FAB30D5D0}.Debug|x86.Build.0 = Debug|Any CPU
		{C600657B-7E29-44B5-83A1-747FAB30D5D0}.NPDebug|Any CPU.ActiveCfg = Debug|Any CPU
		{C600657B-7E29-44B5-83A1-747FAB30D5D0}.NPDebug|Any CPU.Build.0 = Debug|Any CPU
		{C600657B-7E29-44B5-83A1-747FAB30D5D0}.NPDebug|Mixed Platforms.ActiveCfg = Debug|Any CPU
		{C600657B-7E29-44B5-83A1-747FAB30D5D0}.NPDebug|Mixed Platforms.Build.0 = Debug|Any CPU
		{C600657B-7E29-44B5-83A1-747FAB30D5D0}.NPDebug|x64.ActiveCfg = Debug|Any CPU
		{C600657B-7E29-44B5-83A1-747FAB30D5D0}.NPDebug|x86.ActiveCfg = Debug|Any CPU
		{C600657B-7E29-44B5-83A1-747FAB30D5D0}.Release|Any CPU.ActiveCfg = Release|Any CPU
		{C600657B-7E29-44B5-83A1-747FAB30D5D0}.Release|Any CPU.Build.0 = Release|Any CPU
		{C600657B-7E29-44B5-83A1-747FAB30D5D0}.Release|Mixed Platforms.ActiveCfg = Release|Any CPU
		{C600657B-7E29-44B5-83A1-747FAB30D5D0}.Release|Mixed Platforms.Build.0 = Release|Any CPU
		{C600657B-7E29-44B5-83A1-747FAB30D5D0}.Release|x64.ActiveCfg = Release|Any CPU
		{C600657B-7E29-44B5-83A1-747FAB30D5D0}.Release|x86.ActiveCfg = Release|Any CPU
		{84A66716-C686-4B8E-A092-CFE38CA7DDE0}.Debug|Any CPU.ActiveCfg = Debug|Any CPU
		{84A66716-C686-4B8E-A092-CFE38CA7DDE0}.Debug|Any CPU.Build.0 = Debug|Any CPU
		{84A66716-C686-4B8E-A092-CFE38CA7DDE0}.Debug|Mixed Platforms.ActiveCfg = Debug|Any CPU
		{84A66716-C686-4B8E-A092-CFE38CA7DDE0}.Debug|Mixed Platforms.Build.0 = Debug|Any CPU
		{84A66716-C686-4B8E-A092-CFE38CA7DDE0}.Debug|x64.ActiveCfg = Debug|Any CPU
		{84A66716-C686-4B8E-A092-CFE38CA7DDE0}.Debug|x86.ActiveCfg = Debug|Any CPU
		{84A66716-C686-4B8E-A092-CFE38CA7DDE0}.Debug|x86.Build.0 = Debug|Any CPU
		{84A66716-C686-4B8E-A092-CFE38CA7DDE0}.NPDebug|Any CPU.ActiveCfg = Debug|Any CPU
		{84A66716-C686-4B8E-A092-CFE38CA7DDE0}.NPDebug|Any CPU.Build.0 = Debug|Any CPU
		{84A66716-C686-4B8E-A092-CFE38CA7DDE0}.NPDebug|Mixed Platforms.ActiveCfg = Debug|Any CPU
		{84A66716-C686-4B8E-A092-CFE38CA7DDE0}.NPDebug|Mixed Platforms.Build.0 = Debug|Any CPU
		{84A66716-C686-4B8E-A092-CFE38CA7DDE0}.NPDebug|x64.ActiveCfg = Debug|Any CPU
		{84A66716-C686-4B8E-A092-CFE38CA7DDE0}.NPDebug|x86.ActiveCfg = Debug|Any CPU
		{84A66716-C686-4B8E-A092-CFE38CA7DDE0}.Release|Any CPU.ActiveCfg = Release|Any CPU
		{84A66716-C686-4B8E-A092-CFE38CA7DDE0}.Release|Any CPU.Build.0 = Release|Any CPU
		{84A66716-C686-4B8E-A092-CFE38CA7DDE0}.Release|Mixed Platforms.ActiveCfg = Release|Any CPU
		{84A66716-C686-4B8E-A092-CFE38CA7DDE0}.Release|Mixed Platforms.Build.0 = Release|Any CPU
		{84A66716-C686-4B8E-A092-CFE38CA7DDE0}.Release|x64.ActiveCfg = Release|Any CPU
		{84A66716-C686-4B8E-A092-CFE38CA7DDE0}.Release|x86.ActiveCfg = Release|Any CPU
		{59DDC853-62AF-4F86-A803-3D4DD491E978}.Debug|Any CPU.ActiveCfg = Debug|Any CPU
		{59DDC853-62AF-4F86-A803-3D4DD491E978}.Debug|Any CPU.Build.0 = Debug|Any CPU
		{59DDC853-62AF-4F86-A803-3D4DD491E978}.Debug|Mixed Platforms.ActiveCfg = Debug|Any CPU
		{59DDC853-62AF-4F86-A803-3D4DD491E978}.Debug|Mixed Platforms.Build.0 = Debug|Any CPU
		{59DDC853-62AF-4F86-A803-3D4DD491E978}.Debug|x64.ActiveCfg = Debug|Any CPU
		{59DDC853-62AF-4F86-A803-3D4DD491E978}.Debug|x86.ActiveCfg = Debug|Any CPU
		{59DDC853-62AF-4F86-A803-3D4DD491E978}.Debug|x86.Build.0 = Debug|Any CPU
		{59DDC853-62AF-4F86-A803-3D4DD491E978}.NPDebug|Any CPU.ActiveCfg = Debug|Any CPU
		{59DDC853-62AF-4F86-A803-3D4DD491E978}.NPDebug|Any CPU.Build.0 = Debug|Any CPU
		{59DDC853-62AF-4F86-A803-3D4DD491E978}.NPDebug|Mixed Platforms.ActiveCfg = Debug|Any CPU
		{59DDC853-62AF-4F86-A803-3D4DD491E978}.NPDebug|Mixed Platforms.Build.0 = Debug|Any CPU
		{59DDC853-62AF-4F86-A803-3D4DD491E978}.NPDebug|x64.ActiveCfg = Debug|Any CPU
		{59DDC853-62AF-4F86-A803-3D4DD491E978}.NPDebug|x86.ActiveCfg = Debug|Any CPU
		{59DDC853-62AF-4F86-A803-3D4DD491E978}.Release|Any CPU.ActiveCfg = Release|Any CPU
		{59DDC853-62AF-4F86-A803-3D4DD491E978}.Release|Any CPU.Build.0 = Release|Any CPU
		{59DDC853-62AF-4F86-A803-3D4DD491E978}.Release|Mixed Platforms.ActiveCfg = Release|Any CPU
		{59DDC853-62AF-4F86-A803-3D4DD491E978}.Release|Mixed Platforms.Build.0 = Release|Any CPU
		{59DDC853-62AF-4F86-A803-3D4DD491E978}.Release|x64.ActiveCfg = Release|Any CPU
		{59DDC853-62AF-4F86-A803-3D4DD491E978}.Release|x86.ActiveCfg = Release|Any CPU
		{810B90B9-F501-4B91-B019-2AD5AAD63304}.Debug|Any CPU.ActiveCfg = Debug|Any CPU
		{810B90B9-F501-4B91-B019-2AD5AAD63304}.Debug|Any CPU.Build.0 = Debug|Any CPU
		{810B90B9-F501-4B91-B019-2AD5AAD63304}.Debug|Mixed Platforms.ActiveCfg = Debug|Any CPU
		{810B90B9-F501-4B91-B019-2AD5AAD63304}.Debug|Mixed Platforms.Build.0 = Debug|Any CPU
		{810B90B9-F501-4B91-B019-2AD5AAD63304}.Debug|x64.ActiveCfg = Debug|Any CPU
		{810B90B9-F501-4B91-B019-2AD5AAD63304}.Debug|x86.ActiveCfg = Debug|Any CPU
		{810B90B9-F501-4B91-B019-2AD5AAD63304}.Debug|x86.Build.0 = Debug|Any CPU
		{810B90B9-F501-4B91-B019-2AD5AAD63304}.NPDebug|Any CPU.ActiveCfg = Debug|Any CPU
		{810B90B9-F501-4B91-B019-2AD5AAD63304}.NPDebug|Any CPU.Build.0 = Debug|Any CPU
		{810B90B9-F501-4B91-B019-2AD5AAD63304}.NPDebug|Mixed Platforms.ActiveCfg = Debug|Any CPU
		{810B90B9-F501-4B91-B019-2AD5AAD63304}.NPDebug|Mixed Platforms.Build.0 = Debug|Any CPU
		{810B90B9-F501-4B91-B019-2AD5AAD63304}.NPDebug|x64.ActiveCfg = Debug|Any CPU
		{810B90B9-F501-4B91-B019-2AD5AAD63304}.NPDebug|x86.ActiveCfg = Debug|Any CPU
		{810B90B9-F501-4B91-B019-2AD5AAD63304}.Release|Any CPU.ActiveCfg = Release|Any CPU
		{810B90B9-F501-4B91-B019-2AD5AAD63304}.Release|Any CPU.Build.0 = Release|Any CPU
		{810B90B9-F501-4B91-B019-2AD5AAD63304}.Release|Mixed Platforms.ActiveCfg = Release|Any CPU
		{810B90B9-F501-4B91-B019-2AD5AAD63304}.Release|Mixed Platforms.Build.0 = Release|Any CPU
		{810B90B9-F501-4B91-B019-2AD5AAD63304}.Release|x64.ActiveCfg = Release|Any CPU
		{810B90B9-F501-4B91-B019-2AD5AAD63304}.Release|x86.ActiveCfg = Release|Any CPU
		{F6EA0941-40FF-4679-A1A6-EACD5C9BA42B}.Debug|Any CPU.ActiveCfg = Debug|Any CPU
		{F6EA0941-40FF-4679-A1A6-EACD5C9BA42B}.Debug|Any CPU.Build.0 = Debug|Any CPU
		{F6EA0941-40FF-4679-A1A6-EACD5C9BA42B}.Debug|Mixed Platforms.ActiveCfg = Debug|Any CPU
		{F6EA0941-40FF-4679-A1A6-EACD5C9BA42B}.Debug|Mixed Platforms.Build.0 = Debug|Any CPU
		{F6EA0941-40FF-4679-A1A6-EACD5C9BA42B}.Debug|x64.ActiveCfg = Debug|Any CPU
		{F6EA0941-40FF-4679-A1A6-EACD5C9BA42B}.Debug|x86.ActiveCfg = Debug|Any CPU
		{F6EA0941-40FF-4679-A1A6-EACD5C9BA42B}.Debug|x86.Build.0 = Debug|Any CPU
		{F6EA0941-40FF-4679-A1A6-EACD5C9BA42B}.NPDebug|Any CPU.ActiveCfg = Debug|Any CPU
		{F6EA0941-40FF-4679-A1A6-EACD5C9BA42B}.NPDebug|Any CPU.Build.0 = Debug|Any CPU
		{F6EA0941-40FF-4679-A1A6-EACD5C9BA42B}.NPDebug|Mixed Platforms.ActiveCfg = Debug|Any CPU
		{F6EA0941-40FF-4679-A1A6-EACD5C9BA42B}.NPDebug|Mixed Platforms.Build.0 = Debug|Any CPU
		{F6EA0941-40FF-4679-A1A6-EACD5C9BA42B}.NPDebug|x64.ActiveCfg = Debug|Any CPU
		{F6EA0941-40FF-4679-A1A6-EACD5C9BA42B}.NPDebug|x86.ActiveCfg = Debug|Any CPU
		{F6EA0941-40FF-4679-A1A6-EACD5C9BA42B}.Release|Any CPU.ActiveCfg = Release|Any CPU
		{F6EA0941-40FF-4679-A1A6-EACD5C9BA42B}.Release|Any CPU.Build.0 = Release|Any CPU
		{F6EA0941-40FF-4679-A1A6-EACD5C9BA42B}.Release|Mixed Platforms.ActiveCfg = Release|Any CPU
		{F6EA0941-40FF-4679-A1A6-EACD5C9BA42B}.Release|Mixed Platforms.Build.0 = Release|Any CPU
		{F6EA0941-40FF-4679-A1A6-EACD5C9BA42B}.Release|x64.ActiveCfg = Release|Any CPU
		{F6EA0941-40FF-4679-A1A6-EACD5C9BA42B}.Release|x86.ActiveCfg = Release|Any CPU
		{08EA4A4E-D815-47AE-9277-DA6672D36214}.Debug|Any CPU.ActiveCfg = Debug|Any CPU
		{08EA4A4E-D815-47AE-9277-DA6672D36214}.Debug|Any CPU.Build.0 = Debug|Any CPU
		{08EA4A4E-D815-47AE-9277-DA6672D36214}.Debug|Mixed Platforms.ActiveCfg = Debug|Any CPU
		{08EA4A4E-D815-47AE-9277-DA6672D36214}.Debug|Mixed Platforms.Build.0 = Debug|Any CPU
		{08EA4A4E-D815-47AE-9277-DA6672D36214}.Debug|x64.ActiveCfg = Debug|Any CPU
		{08EA4A4E-D815-47AE-9277-DA6672D36214}.Debug|x86.ActiveCfg = Debug|Any CPU
		{08EA4A4E-D815-47AE-9277-DA6672D36214}.Debug|x86.Build.0 = Debug|Any CPU
		{08EA4A4E-D815-47AE-9277-DA6672D36214}.NPDebug|Any CPU.ActiveCfg = Debug|Any CPU
		{08EA4A4E-D815-47AE-9277-DA6672D36214}.NPDebug|Any CPU.Build.0 = Debug|Any CPU
		{08EA4A4E-D815-47AE-9277-DA6672D36214}.NPDebug|Mixed Platforms.ActiveCfg = Debug|Any CPU
		{08EA4A4E-D815-47AE-9277-DA6672D36214}.NPDebug|Mixed Platforms.Build.0 = Debug|Any CPU
		{08EA4A4E-D815-47AE-9277-DA6672D36214}.NPDebug|x64.ActiveCfg = Debug|Any CPU
		{08EA4A4E-D815-47AE-9277-DA6672D36214}.NPDebug|x86.ActiveCfg = Debug|Any CPU
		{08EA4A4E-D815-47AE-9277-DA6672D36214}.Release|Any CPU.ActiveCfg = Release|Any CPU
		{08EA4A4E-D815-47AE-9277-DA6672D36214}.Release|Any CPU.Build.0 = Release|Any CPU
		{08EA4A4E-D815-47AE-9277-DA6672D36214}.Release|Mixed Platforms.ActiveCfg = Release|Any CPU
		{08EA4A4E-D815-47AE-9277-DA6672D36214}.Release|Mixed Platforms.Build.0 = Release|Any CPU
		{08EA4A4E-D815-47AE-9277-DA6672D36214}.Release|x64.ActiveCfg = Release|Any CPU
		{08EA4A4E-D815-47AE-9277-DA6672D36214}.Release|x86.ActiveCfg = Release|Any CPU
		{79B0EAC3-5159-4FC8-B3D8-53315B205444}.Debug|Any CPU.ActiveCfg = Debug|Any CPU
		{79B0EAC3-5159-4FC8-B3D8-53315B205444}.Debug|Any CPU.Build.0 = Debug|Any CPU
		{79B0EAC3-5159-4FC8-B3D8-53315B205444}.Debug|Mixed Platforms.ActiveCfg = Debug|Any CPU
		{79B0EAC3-5159-4FC8-B3D8-53315B205444}.Debug|Mixed Platforms.Build.0 = Debug|Any CPU
		{79B0EAC3-5159-4FC8-B3D8-53315B205444}.Debug|x64.ActiveCfg = Debug|Any CPU
		{79B0EAC3-5159-4FC8-B3D8-53315B205444}.Debug|x86.ActiveCfg = Debug|Any CPU
		{79B0EAC3-5159-4FC8-B3D8-53315B205444}.Debug|x86.Build.0 = Debug|Any CPU
		{79B0EAC3-5159-4FC8-B3D8-53315B205444}.NPDebug|Any CPU.ActiveCfg = Debug|Any CPU
		{79B0EAC3-5159-4FC8-B3D8-53315B205444}.NPDebug|Any CPU.Build.0 = Debug|Any CPU
		{79B0EAC3-5159-4FC8-B3D8-53315B205444}.NPDebug|Mixed Platforms.ActiveCfg = Debug|Any CPU
		{79B0EAC3-5159-4FC8-B3D8-53315B205444}.NPDebug|Mixed Platforms.Build.0 = Debug|Any CPU
		{79B0EAC3-5159-4FC8-B3D8-53315B205444}.NPDebug|x64.ActiveCfg = Debug|Any CPU
		{79B0EAC3-5159-4FC8-B3D8-53315B205444}.NPDebug|x86.ActiveCfg = Debug|Any CPU
		{79B0EAC3-5159-4FC8-B3D8-53315B205444}.Release|Any CPU.ActiveCfg = Release|Any CPU
		{79B0EAC3-5159-4FC8-B3D8-53315B205444}.Release|Any CPU.Build.0 = Release|Any CPU
		{79B0EAC3-5159-4FC8-B3D8-53315B205444}.Release|Mixed Platforms.ActiveCfg = Release|Any CPU
		{79B0EAC3-5159-4FC8-B3D8-53315B205444}.Release|Mixed Platforms.Build.0 = Release|Any CPU
		{79B0EAC3-5159-4FC8-B3D8-53315B205444}.Release|x64.ActiveCfg = Release|Any CPU
		{79B0EAC3-5159-4FC8-B3D8-53315B205444}.Release|x86.ActiveCfg = Release|Any CPU
		{499527FF-AE52-450F-B3E3-4AD53E1712AD}.Debug|Any CPU.ActiveCfg = Debug|Any CPU
		{499527FF-AE52-450F-B3E3-4AD53E1712AD}.Debug|Any CPU.Build.0 = Debug|Any CPU
		{499527FF-AE52-450F-B3E3-4AD53E1712AD}.Debug|Mixed Platforms.ActiveCfg = Debug|Any CPU
		{499527FF-AE52-450F-B3E3-4AD53E1712AD}.Debug|Mixed Platforms.Build.0 = Debug|Any CPU
		{499527FF-AE52-450F-B3E3-4AD53E1712AD}.Debug|x64.ActiveCfg = Debug|Any CPU
		{499527FF-AE52-450F-B3E3-4AD53E1712AD}.Debug|x86.ActiveCfg = Debug|Any CPU
		{499527FF-AE52-450F-B3E3-4AD53E1712AD}.Debug|x86.Build.0 = Debug|Any CPU
		{499527FF-AE52-450F-B3E3-4AD53E1712AD}.NPDebug|Any CPU.ActiveCfg = Debug|Any CPU
		{499527FF-AE52-450F-B3E3-4AD53E1712AD}.NPDebug|Any CPU.Build.0 = Debug|Any CPU
		{499527FF-AE52-450F-B3E3-4AD53E1712AD}.NPDebug|Mixed Platforms.ActiveCfg = Debug|Any CPU
		{499527FF-AE52-450F-B3E3-4AD53E1712AD}.NPDebug|Mixed Platforms.Build.0 = Debug|Any CPU
		{499527FF-AE52-450F-B3E3-4AD53E1712AD}.NPDebug|x64.ActiveCfg = Debug|Any CPU
		{499527FF-AE52-450F-B3E3-4AD53E1712AD}.NPDebug|x86.ActiveCfg = Debug|Any CPU
		{499527FF-AE52-450F-B3E3-4AD53E1712AD}.Release|Any CPU.ActiveCfg = Release|Any CPU
		{499527FF-AE52-450F-B3E3-4AD53E1712AD}.Release|Any CPU.Build.0 = Release|Any CPU
		{499527FF-AE52-450F-B3E3-4AD53E1712AD}.Release|Mixed Platforms.ActiveCfg = Release|Any CPU
		{499527FF-AE52-450F-B3E3-4AD53E1712AD}.Release|Mixed Platforms.Build.0 = Release|Any CPU
		{499527FF-AE52-450F-B3E3-4AD53E1712AD}.Release|x64.ActiveCfg = Release|Any CPU
		{499527FF-AE52-450F-B3E3-4AD53E1712AD}.Release|x86.ActiveCfg = Release|Any CPU
		{86348B50-ECA9-4849-A221-73F0ED31713B}.Debug|Any CPU.ActiveCfg = Debug|Any CPU
		{86348B50-ECA9-4849-A221-73F0ED31713B}.Debug|Any CPU.Build.0 = Debug|Any CPU
		{86348B50-ECA9-4849-A221-73F0ED31713B}.Debug|Mixed Platforms.ActiveCfg = Debug|Any CPU
		{86348B50-ECA9-4849-A221-73F0ED31713B}.Debug|Mixed Platforms.Build.0 = Debug|Any CPU
		{86348B50-ECA9-4849-A221-73F0ED31713B}.Debug|x64.ActiveCfg = Debug|Any CPU
		{86348B50-ECA9-4849-A221-73F0ED31713B}.Debug|x86.ActiveCfg = Debug|Any CPU
		{86348B50-ECA9-4849-A221-73F0ED31713B}.Debug|x86.Build.0 = Debug|Any CPU
		{86348B50-ECA9-4849-A221-73F0ED31713B}.NPDebug|Any CPU.ActiveCfg = Debug|Any CPU
		{86348B50-ECA9-4849-A221-73F0ED31713B}.NPDebug|Any CPU.Build.0 = Debug|Any CPU
		{86348B50-ECA9-4849-A221-73F0ED31713B}.NPDebug|Mixed Platforms.ActiveCfg = Debug|Any CPU
		{86348B50-ECA9-4849-A221-73F0ED31713B}.NPDebug|Mixed Platforms.Build.0 = Debug|Any CPU
		{86348B50-ECA9-4849-A221-73F0ED31713B}.NPDebug|x64.ActiveCfg = Debug|Any CPU
		{86348B50-ECA9-4849-A221-73F0ED31713B}.NPDebug|x86.ActiveCfg = Debug|Any CPU
		{86348B50-ECA9-4849-A221-73F0ED31713B}.Release|Any CPU.ActiveCfg = Release|Any CPU
		{86348B50-ECA9-4849-A221-73F0ED31713B}.Release|Any CPU.Build.0 = Release|Any CPU
		{86348B50-ECA9-4849-A221-73F0ED31713B}.Release|Mixed Platforms.ActiveCfg = Release|Any CPU
		{86348B50-ECA9-4849-A221-73F0ED31713B}.Release|Mixed Platforms.Build.0 = Release|Any CPU
		{86348B50-ECA9-4849-A221-73F0ED31713B}.Release|x64.ActiveCfg = Release|Any CPU
		{86348B50-ECA9-4849-A221-73F0ED31713B}.Release|x86.ActiveCfg = Release|Any CPU
		{59622A6E-A9AE-438C-A164-05DEA2FCF8CF}.Debug|Any CPU.ActiveCfg = Debug|Any CPU
		{59622A6E-A9AE-438C-A164-05DEA2FCF8CF}.Debug|Any CPU.Build.0 = Debug|Any CPU
		{59622A6E-A9AE-438C-A164-05DEA2FCF8CF}.Debug|Mixed Platforms.ActiveCfg = Debug|Any CPU
		{59622A6E-A9AE-438C-A164-05DEA2FCF8CF}.Debug|Mixed Platforms.Build.0 = Debug|Any CPU
		{59622A6E-A9AE-438C-A164-05DEA2FCF8CF}.Debug|x64.ActiveCfg = Debug|Any CPU
		{59622A6E-A9AE-438C-A164-05DEA2FCF8CF}.Debug|x86.ActiveCfg = Debug|Any CPU
		{59622A6E-A9AE-438C-A164-05DEA2FCF8CF}.Debug|x86.Build.0 = Debug|Any CPU
		{59622A6E-A9AE-438C-A164-05DEA2FCF8CF}.NPDebug|Any CPU.ActiveCfg = Debug|Any CPU
		{59622A6E-A9AE-438C-A164-05DEA2FCF8CF}.NPDebug|Any CPU.Build.0 = Debug|Any CPU
		{59622A6E-A9AE-438C-A164-05DEA2FCF8CF}.NPDebug|Mixed Platforms.ActiveCfg = Debug|Any CPU
		{59622A6E-A9AE-438C-A164-05DEA2FCF8CF}.NPDebug|Mixed Platforms.Build.0 = Debug|Any CPU
		{59622A6E-A9AE-438C-A164-05DEA2FCF8CF}.NPDebug|x64.ActiveCfg = Debug|Any CPU
		{59622A6E-A9AE-438C-A164-05DEA2FCF8CF}.NPDebug|x86.ActiveCfg = Debug|Any CPU
		{59622A6E-A9AE-438C-A164-05DEA2FCF8CF}.Release|Any CPU.ActiveCfg = Release|Any CPU
		{59622A6E-A9AE-438C-A164-05DEA2FCF8CF}.Release|Any CPU.Build.0 = Release|Any CPU
		{59622A6E-A9AE-438C-A164-05DEA2FCF8CF}.Release|Mixed Platforms.ActiveCfg = Release|Any CPU
		{59622A6E-A9AE-438C-A164-05DEA2FCF8CF}.Release|Mixed Platforms.Build.0 = Release|Any CPU
		{59622A6E-A9AE-438C-A164-05DEA2FCF8CF}.Release|x64.ActiveCfg = Release|Any CPU
		{59622A6E-A9AE-438C-A164-05DEA2FCF8CF}.Release|x86.ActiveCfg = Release|Any CPU
		{40A53175-8048-4F2D-93CA-383074C0267E}.Debug|Any CPU.ActiveCfg = Debug|Any CPU
		{40A53175-8048-4F2D-93CA-383074C0267E}.Debug|Any CPU.Build.0 = Debug|Any CPU
		{40A53175-8048-4F2D-93CA-383074C0267E}.Debug|Mixed Platforms.ActiveCfg = Debug|Any CPU
		{40A53175-8048-4F2D-93CA-383074C0267E}.Debug|Mixed Platforms.Build.0 = Debug|Any CPU
		{40A53175-8048-4F2D-93CA-383074C0267E}.Debug|x64.ActiveCfg = Debug|Any CPU
		{40A53175-8048-4F2D-93CA-383074C0267E}.Debug|x86.ActiveCfg = Debug|Any CPU
		{40A53175-8048-4F2D-93CA-383074C0267E}.Debug|x86.Build.0 = Debug|Any CPU
		{40A53175-8048-4F2D-93CA-383074C0267E}.NPDebug|Any CPU.ActiveCfg = Debug|Any CPU
		{40A53175-8048-4F2D-93CA-383074C0267E}.NPDebug|Any CPU.Build.0 = Debug|Any CPU
		{40A53175-8048-4F2D-93CA-383074C0267E}.NPDebug|Mixed Platforms.ActiveCfg = Debug|Any CPU
		{40A53175-8048-4F2D-93CA-383074C0267E}.NPDebug|Mixed Platforms.Build.0 = Debug|Any CPU
		{40A53175-8048-4F2D-93CA-383074C0267E}.NPDebug|x64.ActiveCfg = Debug|Any CPU
		{40A53175-8048-4F2D-93CA-383074C0267E}.NPDebug|x86.ActiveCfg = Debug|Any CPU
		{40A53175-8048-4F2D-93CA-383074C0267E}.Release|Any CPU.ActiveCfg = Release|Any CPU
		{40A53175-8048-4F2D-93CA-383074C0267E}.Release|Any CPU.Build.0 = Release|Any CPU
		{40A53175-8048-4F2D-93CA-383074C0267E}.Release|Mixed Platforms.ActiveCfg = Release|Any CPU
		{40A53175-8048-4F2D-93CA-383074C0267E}.Release|Mixed Platforms.Build.0 = Release|Any CPU
		{40A53175-8048-4F2D-93CA-383074C0267E}.Release|x64.ActiveCfg = Release|Any CPU
		{40A53175-8048-4F2D-93CA-383074C0267E}.Release|x86.ActiveCfg = Release|Any CPU
		{F44D03E8-FEEC-40D4-B866-A87799185B4C}.Debug|Any CPU.ActiveCfg = Debug|Any CPU
		{F44D03E8-FEEC-40D4-B866-A87799185B4C}.Debug|Any CPU.Build.0 = Debug|Any CPU
		{F44D03E8-FEEC-40D4-B866-A87799185B4C}.Debug|Mixed Platforms.ActiveCfg = Debug|Any CPU
		{F44D03E8-FEEC-40D4-B866-A87799185B4C}.Debug|Mixed Platforms.Build.0 = Debug|Any CPU
		{F44D03E8-FEEC-40D4-B866-A87799185B4C}.Debug|x64.ActiveCfg = Debug|Any CPU
		{F44D03E8-FEEC-40D4-B866-A87799185B4C}.Debug|x86.ActiveCfg = Debug|Any CPU
		{F44D03E8-FEEC-40D4-B866-A87799185B4C}.Debug|x86.Build.0 = Debug|Any CPU
		{F44D03E8-FEEC-40D4-B866-A87799185B4C}.NPDebug|Any CPU.ActiveCfg = Debug|Any CPU
		{F44D03E8-FEEC-40D4-B866-A87799185B4C}.NPDebug|Any CPU.Build.0 = Debug|Any CPU
		{F44D03E8-FEEC-40D4-B866-A87799185B4C}.NPDebug|Mixed Platforms.ActiveCfg = Debug|Any CPU
		{F44D03E8-FEEC-40D4-B866-A87799185B4C}.NPDebug|Mixed Platforms.Build.0 = Debug|Any CPU
		{F44D03E8-FEEC-40D4-B866-A87799185B4C}.NPDebug|x64.ActiveCfg = Debug|Any CPU
		{F44D03E8-FEEC-40D4-B866-A87799185B4C}.NPDebug|x86.ActiveCfg = Debug|Any CPU
		{F44D03E8-FEEC-40D4-B866-A87799185B4C}.Release|Any CPU.ActiveCfg = Release|Any CPU
		{F44D03E8-FEEC-40D4-B866-A87799185B4C}.Release|Any CPU.Build.0 = Release|Any CPU
		{F44D03E8-FEEC-40D4-B866-A87799185B4C}.Release|Mixed Platforms.ActiveCfg = Release|Any CPU
		{F44D03E8-FEEC-40D4-B866-A87799185B4C}.Release|Mixed Platforms.Build.0 = Release|Any CPU
		{F44D03E8-FEEC-40D4-B866-A87799185B4C}.Release|x64.ActiveCfg = Release|Any CPU
		{F44D03E8-FEEC-40D4-B866-A87799185B4C}.Release|x86.ActiveCfg = Release|Any CPU
		{CEB85F8E-D429-4510-95A5-47CC3069D412}.Debug|Any CPU.ActiveCfg = Debug|Any CPU
		{CEB85F8E-D429-4510-95A5-47CC3069D412}.Debug|Any CPU.Build.0 = Debug|Any CPU
		{CEB85F8E-D429-4510-95A5-47CC3069D412}.Debug|Mixed Platforms.ActiveCfg = Debug|Any CPU
		{CEB85F8E-D429-4510-95A5-47CC3069D412}.Debug|Mixed Platforms.Build.0 = Debug|Any CPU
		{CEB85F8E-D429-4510-95A5-47CC3069D412}.Debug|x64.ActiveCfg = Debug|Any CPU
		{CEB85F8E-D429-4510-95A5-47CC3069D412}.Debug|x86.ActiveCfg = Debug|Any CPU
		{CEB85F8E-D429-4510-95A5-47CC3069D412}.Debug|x86.Build.0 = Debug|Any CPU
		{CEB85F8E-D429-4510-95A5-47CC3069D412}.NPDebug|Any CPU.ActiveCfg = Debug|Any CPU
		{CEB85F8E-D429-4510-95A5-47CC3069D412}.NPDebug|Any CPU.Build.0 = Debug|Any CPU
		{CEB85F8E-D429-4510-95A5-47CC3069D412}.NPDebug|Mixed Platforms.ActiveCfg = Debug|Any CPU
		{CEB85F8E-D429-4510-95A5-47CC3069D412}.NPDebug|Mixed Platforms.Build.0 = Debug|Any CPU
		{CEB85F8E-D429-4510-95A5-47CC3069D412}.NPDebug|x64.ActiveCfg = Debug|Any CPU
		{CEB85F8E-D429-4510-95A5-47CC3069D412}.NPDebug|x86.ActiveCfg = Debug|Any CPU
		{CEB85F8E-D429-4510-95A5-47CC3069D412}.Release|Any CPU.ActiveCfg = Release|Any CPU
		{CEB85F8E-D429-4510-95A5-47CC3069D412}.Release|Any CPU.Build.0 = Release|Any CPU
		{CEB85F8E-D429-4510-95A5-47CC3069D412}.Release|Mixed Platforms.ActiveCfg = Release|Any CPU
		{CEB85F8E-D429-4510-95A5-47CC3069D412}.Release|Mixed Platforms.Build.0 = Release|Any CPU
		{CEB85F8E-D429-4510-95A5-47CC3069D412}.Release|x64.ActiveCfg = Release|Any CPU
		{CEB85F8E-D429-4510-95A5-47CC3069D412}.Release|x86.ActiveCfg = Release|Any CPU
		{BFE8068F-E441-44D2-896D-30FBB67946BF}.Debug|Any CPU.ActiveCfg = Debug|Any CPU
		{BFE8068F-E441-44D2-896D-30FBB67946BF}.Debug|Any CPU.Build.0 = Debug|Any CPU
		{BFE8068F-E441-44D2-896D-30FBB67946BF}.Debug|Mixed Platforms.ActiveCfg = Debug|Any CPU
		{BFE8068F-E441-44D2-896D-30FBB67946BF}.Debug|Mixed Platforms.Build.0 = Debug|Any CPU
		{BFE8068F-E441-44D2-896D-30FBB67946BF}.Debug|x64.ActiveCfg = Debug|Any CPU
		{BFE8068F-E441-44D2-896D-30FBB67946BF}.Debug|x86.ActiveCfg = Debug|Any CPU
		{BFE8068F-E441-44D2-896D-30FBB67946BF}.Debug|x86.Build.0 = Debug|Any CPU
		{BFE8068F-E441-44D2-896D-30FBB67946BF}.NPDebug|Any CPU.ActiveCfg = Debug|Any CPU
		{BFE8068F-E441-44D2-896D-30FBB67946BF}.NPDebug|Any CPU.Build.0 = Debug|Any CPU
		{BFE8068F-E441-44D2-896D-30FBB67946BF}.NPDebug|Mixed Platforms.ActiveCfg = Debug|Any CPU
		{BFE8068F-E441-44D2-896D-30FBB67946BF}.NPDebug|Mixed Platforms.Build.0 = Debug|Any CPU
		{BFE8068F-E441-44D2-896D-30FBB67946BF}.NPDebug|x64.ActiveCfg = Debug|Any CPU
		{BFE8068F-E441-44D2-896D-30FBB67946BF}.NPDebug|x86.ActiveCfg = Debug|Any CPU
		{BFE8068F-E441-44D2-896D-30FBB67946BF}.Release|Any CPU.ActiveCfg = Release|Any CPU
		{BFE8068F-E441-44D2-896D-30FBB67946BF}.Release|Any CPU.Build.0 = Release|Any CPU
		{BFE8068F-E441-44D2-896D-30FBB67946BF}.Release|Mixed Platforms.ActiveCfg = Release|Any CPU
		{BFE8068F-E441-44D2-896D-30FBB67946BF}.Release|Mixed Platforms.Build.0 = Release|Any CPU
		{BFE8068F-E441-44D2-896D-30FBB67946BF}.Release|x64.ActiveCfg = Release|Any CPU
		{BFE8068F-E441-44D2-896D-30FBB67946BF}.Release|x86.ActiveCfg = Release|Any CPU
		{A2A8E75D-1FDA-43FB-99F3-AFF9958F654A}.Debug|Any CPU.ActiveCfg = Debug|Any CPU
		{A2A8E75D-1FDA-43FB-99F3-AFF9958F654A}.Debug|Any CPU.Build.0 = Debug|Any CPU
		{A2A8E75D-1FDA-43FB-99F3-AFF9958F654A}.Debug|Mixed Platforms.ActiveCfg = Debug|Any CPU
		{A2A8E75D-1FDA-43FB-99F3-AFF9958F654A}.Debug|Mixed Platforms.Build.0 = Debug|Any CPU
		{A2A8E75D-1FDA-43FB-99F3-AFF9958F654A}.Debug|x64.ActiveCfg = Debug|Any CPU
		{A2A8E75D-1FDA-43FB-99F3-AFF9958F654A}.Debug|x86.ActiveCfg = Debug|Any CPU
		{A2A8E75D-1FDA-43FB-99F3-AFF9958F654A}.Debug|x86.Build.0 = Debug|Any CPU
		{A2A8E75D-1FDA-43FB-99F3-AFF9958F654A}.NPDebug|Any CPU.ActiveCfg = Debug|Any CPU
		{A2A8E75D-1FDA-43FB-99F3-AFF9958F654A}.NPDebug|Any CPU.Build.0 = Debug|Any CPU
		{A2A8E75D-1FDA-43FB-99F3-AFF9958F654A}.NPDebug|Mixed Platforms.ActiveCfg = Debug|Any CPU
		{A2A8E75D-1FDA-43FB-99F3-AFF9958F654A}.NPDebug|Mixed Platforms.Build.0 = Debug|Any CPU
		{A2A8E75D-1FDA-43FB-99F3-AFF9958F654A}.NPDebug|x64.ActiveCfg = Debug|Any CPU
		{A2A8E75D-1FDA-43FB-99F3-AFF9958F654A}.NPDebug|x86.ActiveCfg = Debug|Any CPU
		{A2A8E75D-1FDA-43FB-99F3-AFF9958F654A}.Release|Any CPU.ActiveCfg = Release|Any CPU
		{A2A8E75D-1FDA-43FB-99F3-AFF9958F654A}.Release|Any CPU.Build.0 = Release|Any CPU
		{A2A8E75D-1FDA-43FB-99F3-AFF9958F654A}.Release|Mixed Platforms.ActiveCfg = Release|Any CPU
		{A2A8E75D-1FDA-43FB-99F3-AFF9958F654A}.Release|Mixed Platforms.Build.0 = Release|Any CPU
		{A2A8E75D-1FDA-43FB-99F3-AFF9958F654A}.Release|x64.ActiveCfg = Release|Any CPU
		{A2A8E75D-1FDA-43FB-99F3-AFF9958F654A}.Release|x86.ActiveCfg = Release|Any CPU
		{31660F5F-6141-4DA5-B364-6C0717B8F0A9}.Debug|Any CPU.ActiveCfg = Debug|Any CPU
		{31660F5F-6141-4DA5-B364-6C0717B8F0A9}.Debug|Any CPU.Build.0 = Debug|Any CPU
		{31660F5F-6141-4DA5-B364-6C0717B8F0A9}.Debug|Mixed Platforms.ActiveCfg = Debug|Any CPU
		{31660F5F-6141-4DA5-B364-6C0717B8F0A9}.Debug|Mixed Platforms.Build.0 = Debug|Any CPU
		{31660F5F-6141-4DA5-B364-6C0717B8F0A9}.Debug|x64.ActiveCfg = Debug|Any CPU
		{31660F5F-6141-4DA5-B364-6C0717B8F0A9}.Debug|x86.ActiveCfg = Debug|Any CPU
		{31660F5F-6141-4DA5-B364-6C0717B8F0A9}.Debug|x86.Build.0 = Debug|Any CPU
		{31660F5F-6141-4DA5-B364-6C0717B8F0A9}.NPDebug|Any CPU.ActiveCfg = Debug|Any CPU
		{31660F5F-6141-4DA5-B364-6C0717B8F0A9}.NPDebug|Any CPU.Build.0 = Debug|Any CPU
		{31660F5F-6141-4DA5-B364-6C0717B8F0A9}.NPDebug|Mixed Platforms.ActiveCfg = Debug|Any CPU
		{31660F5F-6141-4DA5-B364-6C0717B8F0A9}.NPDebug|Mixed Platforms.Build.0 = Debug|Any CPU
		{31660F5F-6141-4DA5-B364-6C0717B8F0A9}.NPDebug|x64.ActiveCfg = Debug|Any CPU
		{31660F5F-6141-4DA5-B364-6C0717B8F0A9}.NPDebug|x86.ActiveCfg = Debug|Any CPU
		{31660F5F-6141-4DA5-B364-6C0717B8F0A9}.Release|Any CPU.ActiveCfg = Release|Any CPU
		{31660F5F-6141-4DA5-B364-6C0717B8F0A9}.Release|Any CPU.Build.0 = Release|Any CPU
		{31660F5F-6141-4DA5-B364-6C0717B8F0A9}.Release|Mixed Platforms.ActiveCfg = Release|Any CPU
		{31660F5F-6141-4DA5-B364-6C0717B8F0A9}.Release|Mixed Platforms.Build.0 = Release|Any CPU
		{31660F5F-6141-4DA5-B364-6C0717B8F0A9}.Release|x64.ActiveCfg = Release|Any CPU
		{31660F5F-6141-4DA5-B364-6C0717B8F0A9}.Release|x86.ActiveCfg = Release|Any CPU
		{5C26AF7B-1C83-49BD-9ED1-6A880103D293}.Debug|Any CPU.ActiveCfg = Debug|Any CPU
		{5C26AF7B-1C83-49BD-9ED1-6A880103D293}.Debug|Any CPU.Build.0 = Debug|Any CPU
		{5C26AF7B-1C83-49BD-9ED1-6A880103D293}.Debug|Mixed Platforms.ActiveCfg = Debug|Any CPU
		{5C26AF7B-1C83-49BD-9ED1-6A880103D293}.Debug|Mixed Platforms.Build.0 = Debug|Any CPU
		{5C26AF7B-1C83-49BD-9ED1-6A880103D293}.Debug|x64.ActiveCfg = Debug|Any CPU
		{5C26AF7B-1C83-49BD-9ED1-6A880103D293}.Debug|x86.ActiveCfg = Debug|Any CPU
		{5C26AF7B-1C83-49BD-9ED1-6A880103D293}.Debug|x86.Build.0 = Debug|Any CPU
		{5C26AF7B-1C83-49BD-9ED1-6A880103D293}.NPDebug|Any CPU.ActiveCfg = Debug|Any CPU
		{5C26AF7B-1C83-49BD-9ED1-6A880103D293}.NPDebug|Any CPU.Build.0 = Debug|Any CPU
		{5C26AF7B-1C83-49BD-9ED1-6A880103D293}.NPDebug|Mixed Platforms.ActiveCfg = Debug|Any CPU
		{5C26AF7B-1C83-49BD-9ED1-6A880103D293}.NPDebug|Mixed Platforms.Build.0 = Debug|Any CPU
		{5C26AF7B-1C83-49BD-9ED1-6A880103D293}.NPDebug|x64.ActiveCfg = Debug|Any CPU
		{5C26AF7B-1C83-49BD-9ED1-6A880103D293}.NPDebug|x86.ActiveCfg = Debug|Any CPU
		{5C26AF7B-1C83-49BD-9ED1-6A880103D293}.Release|Any CPU.ActiveCfg = Release|Any CPU
		{5C26AF7B-1C83-49BD-9ED1-6A880103D293}.Release|Any CPU.Build.0 = Release|Any CPU
		{5C26AF7B-1C83-49BD-9ED1-6A880103D293}.Release|Mixed Platforms.ActiveCfg = Release|Any CPU
		{5C26AF7B-1C83-49BD-9ED1-6A880103D293}.Release|Mixed Platforms.Build.0 = Release|Any CPU
		{5C26AF7B-1C83-49BD-9ED1-6A880103D293}.Release|x64.ActiveCfg = Release|Any CPU
		{5C26AF7B-1C83-49BD-9ED1-6A880103D293}.Release|x86.ActiveCfg = Release|Any CPU
		{BC3BE171-AD84-4EE4-8356-06A581BDCDF7}.Debug|Any CPU.ActiveCfg = Debug|Any CPU
		{BC3BE171-AD84-4EE4-8356-06A581BDCDF7}.Debug|Any CPU.Build.0 = Debug|Any CPU
		{BC3BE171-AD84-4EE4-8356-06A581BDCDF7}.Debug|Mixed Platforms.ActiveCfg = Debug|Any CPU
		{BC3BE171-AD84-4EE4-8356-06A581BDCDF7}.Debug|Mixed Platforms.Build.0 = Debug|Any CPU
		{BC3BE171-AD84-4EE4-8356-06A581BDCDF7}.Debug|x64.ActiveCfg = Debug|Any CPU
		{BC3BE171-AD84-4EE4-8356-06A581BDCDF7}.Debug|x86.ActiveCfg = Debug|Any CPU
		{BC3BE171-AD84-4EE4-8356-06A581BDCDF7}.Debug|x86.Build.0 = Debug|Any CPU
		{BC3BE171-AD84-4EE4-8356-06A581BDCDF7}.NPDebug|Any CPU.ActiveCfg = Debug|Any CPU
		{BC3BE171-AD84-4EE4-8356-06A581BDCDF7}.NPDebug|Any CPU.Build.0 = Debug|Any CPU
		{BC3BE171-AD84-4EE4-8356-06A581BDCDF7}.NPDebug|Mixed Platforms.ActiveCfg = Debug|Any CPU
		{BC3BE171-AD84-4EE4-8356-06A581BDCDF7}.NPDebug|Mixed Platforms.Build.0 = Debug|Any CPU
		{BC3BE171-AD84-4EE4-8356-06A581BDCDF7}.NPDebug|x64.ActiveCfg = Debug|Any CPU
		{BC3BE171-AD84-4EE4-8356-06A581BDCDF7}.NPDebug|x86.ActiveCfg = Debug|Any CPU
		{BC3BE171-AD84-4EE4-8356-06A581BDCDF7}.Release|Any CPU.ActiveCfg = Release|Any CPU
		{BC3BE171-AD84-4EE4-8356-06A581BDCDF7}.Release|Any CPU.Build.0 = Release|Any CPU
		{BC3BE171-AD84-4EE4-8356-06A581BDCDF7}.Release|Mixed Platforms.ActiveCfg = Release|Any CPU
		{BC3BE171-AD84-4EE4-8356-06A581BDCDF7}.Release|Mixed Platforms.Build.0 = Release|Any CPU
		{BC3BE171-AD84-4EE4-8356-06A581BDCDF7}.Release|x64.ActiveCfg = Release|Any CPU
		{BC3BE171-AD84-4EE4-8356-06A581BDCDF7}.Release|x86.ActiveCfg = Release|Any CPU
		{AFCF2122-DB43-461C-9FDF-41ADEC10A375}.Debug|Any CPU.ActiveCfg = Debug|Any CPU
		{AFCF2122-DB43-461C-9FDF-41ADEC10A375}.Debug|Any CPU.Build.0 = Debug|Any CPU
		{AFCF2122-DB43-461C-9FDF-41ADEC10A375}.Debug|Mixed Platforms.ActiveCfg = Debug|Any CPU
		{AFCF2122-DB43-461C-9FDF-41ADEC10A375}.Debug|Mixed Platforms.Build.0 = Debug|Any CPU
		{AFCF2122-DB43-461C-9FDF-41ADEC10A375}.Debug|x64.ActiveCfg = Debug|Any CPU
		{AFCF2122-DB43-461C-9FDF-41ADEC10A375}.Debug|x86.ActiveCfg = Debug|Any CPU
		{AFCF2122-DB43-461C-9FDF-41ADEC10A375}.Debug|x86.Build.0 = Debug|Any CPU
		{AFCF2122-DB43-461C-9FDF-41ADEC10A375}.NPDebug|Any CPU.ActiveCfg = Debug|Any CPU
		{AFCF2122-DB43-461C-9FDF-41ADEC10A375}.NPDebug|Any CPU.Build.0 = Debug|Any CPU
		{AFCF2122-DB43-461C-9FDF-41ADEC10A375}.NPDebug|Mixed Platforms.ActiveCfg = Debug|Any CPU
		{AFCF2122-DB43-461C-9FDF-41ADEC10A375}.NPDebug|Mixed Platforms.Build.0 = Debug|Any CPU
		{AFCF2122-DB43-461C-9FDF-41ADEC10A375}.NPDebug|x64.ActiveCfg = Debug|Any CPU
		{AFCF2122-DB43-461C-9FDF-41ADEC10A375}.NPDebug|x86.ActiveCfg = Debug|Any CPU
		{AFCF2122-DB43-461C-9FDF-41ADEC10A375}.Release|Any CPU.ActiveCfg = Release|Any CPU
		{AFCF2122-DB43-461C-9FDF-41ADEC10A375}.Release|Any CPU.Build.0 = Release|Any CPU
		{AFCF2122-DB43-461C-9FDF-41ADEC10A375}.Release|Mixed Platforms.ActiveCfg = Release|Any CPU
		{AFCF2122-DB43-461C-9FDF-41ADEC10A375}.Release|Mixed Platforms.Build.0 = Release|Any CPU
		{AFCF2122-DB43-461C-9FDF-41ADEC10A375}.Release|x64.ActiveCfg = Release|Any CPU
		{AFCF2122-DB43-461C-9FDF-41ADEC10A375}.Release|x86.ActiveCfg = Release|Any CPU
		{0DE125B6-B3ED-4459-8696-B5D851AD89A0}.Debug|Any CPU.ActiveCfg = Debug|Any CPU
		{0DE125B6-B3ED-4459-8696-B5D851AD89A0}.Debug|Any CPU.Build.0 = Debug|Any CPU
		{0DE125B6-B3ED-4459-8696-B5D851AD89A0}.Debug|Mixed Platforms.ActiveCfg = Debug|Any CPU
		{0DE125B6-B3ED-4459-8696-B5D851AD89A0}.Debug|Mixed Platforms.Build.0 = Debug|Any CPU
		{0DE125B6-B3ED-4459-8696-B5D851AD89A0}.Debug|x64.ActiveCfg = Debug|Any CPU
		{0DE125B6-B3ED-4459-8696-B5D851AD89A0}.Debug|x86.ActiveCfg = Debug|Any CPU
		{0DE125B6-B3ED-4459-8696-B5D851AD89A0}.Debug|x86.Build.0 = Debug|Any CPU
		{0DE125B6-B3ED-4459-8696-B5D851AD89A0}.NPDebug|Any CPU.ActiveCfg = Debug|Any CPU
		{0DE125B6-B3ED-4459-8696-B5D851AD89A0}.NPDebug|Any CPU.Build.0 = Debug|Any CPU
		{0DE125B6-B3ED-4459-8696-B5D851AD89A0}.NPDebug|Mixed Platforms.ActiveCfg = Debug|Any CPU
		{0DE125B6-B3ED-4459-8696-B5D851AD89A0}.NPDebug|Mixed Platforms.Build.0 = Debug|Any CPU
		{0DE125B6-B3ED-4459-8696-B5D851AD89A0}.NPDebug|x64.ActiveCfg = Debug|Any CPU
		{0DE125B6-B3ED-4459-8696-B5D851AD89A0}.NPDebug|x86.ActiveCfg = Debug|Any CPU
		{0DE125B6-B3ED-4459-8696-B5D851AD89A0}.Release|Any CPU.ActiveCfg = Release|Any CPU
		{0DE125B6-B3ED-4459-8696-B5D851AD89A0}.Release|Any CPU.Build.0 = Release|Any CPU
		{0DE125B6-B3ED-4459-8696-B5D851AD89A0}.Release|Mixed Platforms.ActiveCfg = Release|Any CPU
		{0DE125B6-B3ED-4459-8696-B5D851AD89A0}.Release|Mixed Platforms.Build.0 = Release|Any CPU
		{0DE125B6-B3ED-4459-8696-B5D851AD89A0}.Release|x64.ActiveCfg = Release|Any CPU
		{0DE125B6-B3ED-4459-8696-B5D851AD89A0}.Release|x86.ActiveCfg = Release|Any CPU
		{919AE8A0-C964-4746-94A9-BC61A2546E78}.Debug|Any CPU.ActiveCfg = Debug|Any CPU
		{919AE8A0-C964-4746-94A9-BC61A2546E78}.Debug|Any CPU.Build.0 = Debug|Any CPU
		{919AE8A0-C964-4746-94A9-BC61A2546E78}.Debug|Mixed Platforms.ActiveCfg = Debug|Any CPU
		{919AE8A0-C964-4746-94A9-BC61A2546E78}.Debug|Mixed Platforms.Build.0 = Debug|Any CPU
		{919AE8A0-C964-4746-94A9-BC61A2546E78}.Debug|x64.ActiveCfg = Debug|Any CPU
		{919AE8A0-C964-4746-94A9-BC61A2546E78}.Debug|x86.ActiveCfg = Debug|Any CPU
		{919AE8A0-C964-4746-94A9-BC61A2546E78}.Debug|x86.Build.0 = Debug|Any CPU
		{919AE8A0-C964-4746-94A9-BC61A2546E78}.NPDebug|Any CPU.ActiveCfg = Debug|Any CPU
		{919AE8A0-C964-4746-94A9-BC61A2546E78}.NPDebug|Any CPU.Build.0 = Debug|Any CPU
		{919AE8A0-C964-4746-94A9-BC61A2546E78}.NPDebug|Mixed Platforms.ActiveCfg = Debug|Any CPU
		{919AE8A0-C964-4746-94A9-BC61A2546E78}.NPDebug|Mixed Platforms.Build.0 = Debug|Any CPU
		{919AE8A0-C964-4746-94A9-BC61A2546E78}.NPDebug|x64.ActiveCfg = Debug|Any CPU
		{919AE8A0-C964-4746-94A9-BC61A2546E78}.NPDebug|x86.ActiveCfg = Debug|Any CPU
		{919AE8A0-C964-4746-94A9-BC61A2546E78}.Release|Any CPU.ActiveCfg = Release|Any CPU
		{919AE8A0-C964-4746-94A9-BC61A2546E78}.Release|Any CPU.Build.0 = Release|Any CPU
		{919AE8A0-C964-4746-94A9-BC61A2546E78}.Release|Mixed Platforms.ActiveCfg = Release|Any CPU
		{919AE8A0-C964-4746-94A9-BC61A2546E78}.Release|Mixed Platforms.Build.0 = Release|Any CPU
		{919AE8A0-C964-4746-94A9-BC61A2546E78}.Release|x64.ActiveCfg = Release|Any CPU
		{919AE8A0-C964-4746-94A9-BC61A2546E78}.Release|x86.ActiveCfg = Release|Any CPU
		{52E03E08-331A-4CA7-8D8F-6F598C94EED4}.Debug|Any CPU.ActiveCfg = Debug|Any CPU
		{52E03E08-331A-4CA7-8D8F-6F598C94EED4}.Debug|Any CPU.Build.0 = Debug|Any CPU
		{52E03E08-331A-4CA7-8D8F-6F598C94EED4}.Debug|Mixed Platforms.ActiveCfg = Debug|Any CPU
		{52E03E08-331A-4CA7-8D8F-6F598C94EED4}.Debug|Mixed Platforms.Build.0 = Debug|Any CPU
		{52E03E08-331A-4CA7-8D8F-6F598C94EED4}.Debug|x64.ActiveCfg = Debug|Any CPU
		{52E03E08-331A-4CA7-8D8F-6F598C94EED4}.Debug|x86.ActiveCfg = Debug|Any CPU
		{52E03E08-331A-4CA7-8D8F-6F598C94EED4}.Debug|x86.Build.0 = Debug|Any CPU
		{52E03E08-331A-4CA7-8D8F-6F598C94EED4}.NPDebug|Any CPU.ActiveCfg = Debug|Any CPU
		{52E03E08-331A-4CA7-8D8F-6F598C94EED4}.NPDebug|Any CPU.Build.0 = Debug|Any CPU
		{52E03E08-331A-4CA7-8D8F-6F598C94EED4}.NPDebug|Mixed Platforms.ActiveCfg = Debug|Any CPU
		{52E03E08-331A-4CA7-8D8F-6F598C94EED4}.NPDebug|Mixed Platforms.Build.0 = Debug|Any CPU
		{52E03E08-331A-4CA7-8D8F-6F598C94EED4}.NPDebug|x64.ActiveCfg = Debug|Any CPU
		{52E03E08-331A-4CA7-8D8F-6F598C94EED4}.NPDebug|x86.ActiveCfg = Debug|Any CPU
		{52E03E08-331A-4CA7-8D8F-6F598C94EED4}.Release|Any CPU.ActiveCfg = Release|Any CPU
		{52E03E08-331A-4CA7-8D8F-6F598C94EED4}.Release|Any CPU.Build.0 = Release|Any CPU
		{52E03E08-331A-4CA7-8D8F-6F598C94EED4}.Release|Mixed Platforms.ActiveCfg = Release|Any CPU
		{52E03E08-331A-4CA7-8D8F-6F598C94EED4}.Release|Mixed Platforms.Build.0 = Release|Any CPU
		{52E03E08-331A-4CA7-8D8F-6F598C94EED4}.Release|x64.ActiveCfg = Release|Any CPU
		{52E03E08-331A-4CA7-8D8F-6F598C94EED4}.Release|x86.ActiveCfg = Release|Any CPU
		{21802A52-F4F7-4366-B61D-06E1FB337B86}.Debug|Any CPU.ActiveCfg = Debug|Any CPU
		{21802A52-F4F7-4366-B61D-06E1FB337B86}.Debug|Any CPU.Build.0 = Debug|Any CPU
		{21802A52-F4F7-4366-B61D-06E1FB337B86}.Debug|Mixed Platforms.ActiveCfg = Debug|Any CPU
		{21802A52-F4F7-4366-B61D-06E1FB337B86}.Debug|Mixed Platforms.Build.0 = Debug|Any CPU
		{21802A52-F4F7-4366-B61D-06E1FB337B86}.Debug|x64.ActiveCfg = Debug|Any CPU
		{21802A52-F4F7-4366-B61D-06E1FB337B86}.Debug|x86.ActiveCfg = Debug|Any CPU
		{21802A52-F4F7-4366-B61D-06E1FB337B86}.Debug|x86.Build.0 = Debug|Any CPU
		{21802A52-F4F7-4366-B61D-06E1FB337B86}.NPDebug|Any CPU.ActiveCfg = Debug|Any CPU
		{21802A52-F4F7-4366-B61D-06E1FB337B86}.NPDebug|Any CPU.Build.0 = Debug|Any CPU
		{21802A52-F4F7-4366-B61D-06E1FB337B86}.NPDebug|Mixed Platforms.ActiveCfg = Debug|Any CPU
		{21802A52-F4F7-4366-B61D-06E1FB337B86}.NPDebug|Mixed Platforms.Build.0 = Debug|Any CPU
		{21802A52-F4F7-4366-B61D-06E1FB337B86}.NPDebug|x64.ActiveCfg = Debug|Any CPU
		{21802A52-F4F7-4366-B61D-06E1FB337B86}.NPDebug|x86.ActiveCfg = Debug|Any CPU
		{21802A52-F4F7-4366-B61D-06E1FB337B86}.Release|Any CPU.ActiveCfg = Release|Any CPU
		{21802A52-F4F7-4366-B61D-06E1FB337B86}.Release|Any CPU.Build.0 = Release|Any CPU
		{21802A52-F4F7-4366-B61D-06E1FB337B86}.Release|Mixed Platforms.ActiveCfg = Release|Any CPU
		{21802A52-F4F7-4366-B61D-06E1FB337B86}.Release|Mixed Platforms.Build.0 = Release|Any CPU
		{21802A52-F4F7-4366-B61D-06E1FB337B86}.Release|x64.ActiveCfg = Release|Any CPU
		{21802A52-F4F7-4366-B61D-06E1FB337B86}.Release|x86.ActiveCfg = Release|Any CPU
		{1ED07700-D0FE-4397-A6A2-5FAAB025A0D9}.Debug|Any CPU.ActiveCfg = Debug|Any CPU
		{1ED07700-D0FE-4397-A6A2-5FAAB025A0D9}.Debug|Any CPU.Build.0 = Debug|Any CPU
		{1ED07700-D0FE-4397-A6A2-5FAAB025A0D9}.Debug|Mixed Platforms.ActiveCfg = Debug|Any CPU
		{1ED07700-D0FE-4397-A6A2-5FAAB025A0D9}.Debug|Mixed Platforms.Build.0 = Debug|Any CPU
		{1ED07700-D0FE-4397-A6A2-5FAAB025A0D9}.Debug|x64.ActiveCfg = Debug|Any CPU
		{1ED07700-D0FE-4397-A6A2-5FAAB025A0D9}.Debug|x86.ActiveCfg = Debug|Any CPU
		{1ED07700-D0FE-4397-A6A2-5FAAB025A0D9}.Debug|x86.Build.0 = Debug|Any CPU
		{1ED07700-D0FE-4397-A6A2-5FAAB025A0D9}.NPDebug|Any CPU.ActiveCfg = Debug|Any CPU
		{1ED07700-D0FE-4397-A6A2-5FAAB025A0D9}.NPDebug|Any CPU.Build.0 = Debug|Any CPU
		{1ED07700-D0FE-4397-A6A2-5FAAB025A0D9}.NPDebug|Mixed Platforms.ActiveCfg = Debug|Any CPU
		{1ED07700-D0FE-4397-A6A2-5FAAB025A0D9}.NPDebug|Mixed Platforms.Build.0 = Debug|Any CPU
		{1ED07700-D0FE-4397-A6A2-5FAAB025A0D9}.NPDebug|x64.ActiveCfg = Debug|Any CPU
		{1ED07700-D0FE-4397-A6A2-5FAAB025A0D9}.NPDebug|x86.ActiveCfg = Debug|Any CPU
		{1ED07700-D0FE-4397-A6A2-5FAAB025A0D9}.Release|Any CPU.ActiveCfg = Release|Any CPU
		{1ED07700-D0FE-4397-A6A2-5FAAB025A0D9}.Release|Any CPU.Build.0 = Release|Any CPU
		{1ED07700-D0FE-4397-A6A2-5FAAB025A0D9}.Release|Mixed Platforms.ActiveCfg = Release|Any CPU
		{1ED07700-D0FE-4397-A6A2-5FAAB025A0D9}.Release|Mixed Platforms.Build.0 = Release|Any CPU
		{1ED07700-D0FE-4397-A6A2-5FAAB025A0D9}.Release|x64.ActiveCfg = Release|Any CPU
		{1ED07700-D0FE-4397-A6A2-5FAAB025A0D9}.Release|x86.ActiveCfg = Release|Any CPU
		{AE5758E9-37E7-41FE-844D-A91471DB8FA5}.Debug|Any CPU.ActiveCfg = Debug|Any CPU
		{AE5758E9-37E7-41FE-844D-A91471DB8FA5}.Debug|Any CPU.Build.0 = Debug|Any CPU
		{AE5758E9-37E7-41FE-844D-A91471DB8FA5}.Debug|Mixed Platforms.ActiveCfg = Debug|Any CPU
		{AE5758E9-37E7-41FE-844D-A91471DB8FA5}.Debug|Mixed Platforms.Build.0 = Debug|Any CPU
		{AE5758E9-37E7-41FE-844D-A91471DB8FA5}.Debug|x64.ActiveCfg = Debug|Any CPU
		{AE5758E9-37E7-41FE-844D-A91471DB8FA5}.Debug|x86.ActiveCfg = Debug|Any CPU
		{AE5758E9-37E7-41FE-844D-A91471DB8FA5}.Debug|x86.Build.0 = Debug|Any CPU
		{AE5758E9-37E7-41FE-844D-A91471DB8FA5}.NPDebug|Any CPU.ActiveCfg = Debug|Any CPU
		{AE5758E9-37E7-41FE-844D-A91471DB8FA5}.NPDebug|Any CPU.Build.0 = Debug|Any CPU
		{AE5758E9-37E7-41FE-844D-A91471DB8FA5}.NPDebug|Mixed Platforms.ActiveCfg = Debug|Any CPU
		{AE5758E9-37E7-41FE-844D-A91471DB8FA5}.NPDebug|Mixed Platforms.Build.0 = Debug|Any CPU
		{AE5758E9-37E7-41FE-844D-A91471DB8FA5}.NPDebug|x64.ActiveCfg = Debug|Any CPU
		{AE5758E9-37E7-41FE-844D-A91471DB8FA5}.NPDebug|x86.ActiveCfg = Debug|Any CPU
		{AE5758E9-37E7-41FE-844D-A91471DB8FA5}.Release|Any CPU.ActiveCfg = Release|Any CPU
		{AE5758E9-37E7-41FE-844D-A91471DB8FA5}.Release|Any CPU.Build.0 = Release|Any CPU
		{AE5758E9-37E7-41FE-844D-A91471DB8FA5}.Release|Mixed Platforms.ActiveCfg = Release|Any CPU
		{AE5758E9-37E7-41FE-844D-A91471DB8FA5}.Release|Mixed Platforms.Build.0 = Release|Any CPU
		{AE5758E9-37E7-41FE-844D-A91471DB8FA5}.Release|x64.ActiveCfg = Release|Any CPU
		{AE5758E9-37E7-41FE-844D-A91471DB8FA5}.Release|x86.ActiveCfg = Release|Any CPU
		{5B200A79-0358-438D-8DCE-F3E40E9E88A7}.Debug|Any CPU.ActiveCfg = Debug|Any CPU
		{5B200A79-0358-438D-8DCE-F3E40E9E88A7}.Debug|Any CPU.Build.0 = Debug|Any CPU
		{5B200A79-0358-438D-8DCE-F3E40E9E88A7}.Debug|Mixed Platforms.ActiveCfg = Debug|Any CPU
		{5B200A79-0358-438D-8DCE-F3E40E9E88A7}.Debug|Mixed Platforms.Build.0 = Debug|Any CPU
		{5B200A79-0358-438D-8DCE-F3E40E9E88A7}.Debug|x64.ActiveCfg = Debug|Any CPU
		{5B200A79-0358-438D-8DCE-F3E40E9E88A7}.Debug|x86.ActiveCfg = Debug|Any CPU
		{5B200A79-0358-438D-8DCE-F3E40E9E88A7}.Debug|x86.Build.0 = Debug|Any CPU
		{5B200A79-0358-438D-8DCE-F3E40E9E88A7}.NPDebug|Any CPU.ActiveCfg = Debug|Any CPU
		{5B200A79-0358-438D-8DCE-F3E40E9E88A7}.NPDebug|Any CPU.Build.0 = Debug|Any CPU
		{5B200A79-0358-438D-8DCE-F3E40E9E88A7}.NPDebug|Mixed Platforms.ActiveCfg = Debug|Any CPU
		{5B200A79-0358-438D-8DCE-F3E40E9E88A7}.NPDebug|Mixed Platforms.Build.0 = Debug|Any CPU
		{5B200A79-0358-438D-8DCE-F3E40E9E88A7}.NPDebug|x64.ActiveCfg = Debug|Any CPU
		{5B200A79-0358-438D-8DCE-F3E40E9E88A7}.NPDebug|x86.ActiveCfg = Debug|Any CPU
		{5B200A79-0358-438D-8DCE-F3E40E9E88A7}.Release|Any CPU.ActiveCfg = Release|Any CPU
		{5B200A79-0358-438D-8DCE-F3E40E9E88A7}.Release|Any CPU.Build.0 = Release|Any CPU
		{5B200A79-0358-438D-8DCE-F3E40E9E88A7}.Release|Mixed Platforms.ActiveCfg = Release|Any CPU
		{5B200A79-0358-438D-8DCE-F3E40E9E88A7}.Release|Mixed Platforms.Build.0 = Release|Any CPU
		{5B200A79-0358-438D-8DCE-F3E40E9E88A7}.Release|x64.ActiveCfg = Release|Any CPU
		{5B200A79-0358-438D-8DCE-F3E40E9E88A7}.Release|x86.ActiveCfg = Release|Any CPU
		{DA036CC8-85CC-4A2B-B557-0A222A4486C3}.Debug|Any CPU.ActiveCfg = Debug|Any CPU
		{DA036CC8-85CC-4A2B-B557-0A222A4486C3}.Debug|Any CPU.Build.0 = Debug|Any CPU
		{DA036CC8-85CC-4A2B-B557-0A222A4486C3}.Debug|Mixed Platforms.ActiveCfg = Debug|Any CPU
		{DA036CC8-85CC-4A2B-B557-0A222A4486C3}.Debug|Mixed Platforms.Build.0 = Debug|Any CPU
		{DA036CC8-85CC-4A2B-B557-0A222A4486C3}.Debug|x64.ActiveCfg = Debug|Any CPU
		{DA036CC8-85CC-4A2B-B557-0A222A4486C3}.Debug|x86.ActiveCfg = Debug|Any CPU
		{DA036CC8-85CC-4A2B-B557-0A222A4486C3}.Debug|x86.Build.0 = Debug|Any CPU
		{DA036CC8-85CC-4A2B-B557-0A222A4486C3}.NPDebug|Any CPU.ActiveCfg = Debug|Any CPU
		{DA036CC8-85CC-4A2B-B557-0A222A4486C3}.NPDebug|Any CPU.Build.0 = Debug|Any CPU
		{DA036CC8-85CC-4A2B-B557-0A222A4486C3}.NPDebug|Mixed Platforms.ActiveCfg = Debug|Any CPU
		{DA036CC8-85CC-4A2B-B557-0A222A4486C3}.NPDebug|Mixed Platforms.Build.0 = Debug|Any CPU
		{DA036CC8-85CC-4A2B-B557-0A222A4486C3}.NPDebug|x64.ActiveCfg = Debug|Any CPU
		{DA036CC8-85CC-4A2B-B557-0A222A4486C3}.NPDebug|x86.ActiveCfg = Debug|Any CPU
		{DA036CC8-85CC-4A2B-B557-0A222A4486C3}.Release|Any CPU.ActiveCfg = Release|Any CPU
		{DA036CC8-85CC-4A2B-B557-0A222A4486C3}.Release|Any CPU.Build.0 = Release|Any CPU
		{DA036CC8-85CC-4A2B-B557-0A222A4486C3}.Release|Mixed Platforms.ActiveCfg = Release|Any CPU
		{DA036CC8-85CC-4A2B-B557-0A222A4486C3}.Release|Mixed Platforms.Build.0 = Release|Any CPU
		{DA036CC8-85CC-4A2B-B557-0A222A4486C3}.Release|x64.ActiveCfg = Release|Any CPU
		{DA036CC8-85CC-4A2B-B557-0A222A4486C3}.Release|x86.ActiveCfg = Release|Any CPU
	EndGlobalSection
	GlobalSection(SolutionProperties) = preSolution
		HideSolutionNode = FALSE
	EndGlobalSection
	GlobalSection(NestedProjects) = preSolution
		{7ADEDDCE-6903-4A58-94F5-D0B39B21330F} = {72857B67-3003-486C-9BB3-34AF5748BE95}
		{DB783ED9-FDE6-458F-A094-457B7F4283A0} = {72857B67-3003-486C-9BB3-34AF5748BE95}
		{805A8237-05ED-40AE-8D1A-9288373EA5E0} = {72857B67-3003-486C-9BB3-34AF5748BE95}
		{44FD9133-5FE7-4824-BD35-27273706D127} = {72857B67-3003-486C-9BB3-34AF5748BE95}
		{9676E4C3-1A1F-45B8-8FFD-C398F14002E7} = {72857B67-3003-486C-9BB3-34AF5748BE95}
		{369D4E9E-4EFF-4699-83B3-C4951EE0A3C3} = {72857B67-3003-486C-9BB3-34AF5748BE95}
		{C600657B-7E29-44B5-83A1-747FAB30D5D0} = {72857B67-3003-486C-9BB3-34AF5748BE95}
		{59DDC853-62AF-4F86-A803-3D4DD491E978} = {72857B67-3003-486C-9BB3-34AF5748BE95}
		{810B90B9-F501-4B91-B019-2AD5AAD63304} = {72857B67-3003-486C-9BB3-34AF5748BE95}
		{F6EA0941-40FF-4679-A1A6-EACD5C9BA42B} = {72857B67-3003-486C-9BB3-34AF5748BE95}
		{08EA4A4E-D815-47AE-9277-DA6672D36214} = {72857B67-3003-486C-9BB3-34AF5748BE95}
		{79B0EAC3-5159-4FC8-B3D8-53315B205444} = {72857B67-3003-486C-9BB3-34AF5748BE95}
		{499527FF-AE52-450F-B3E3-4AD53E1712AD} = {72857B67-3003-486C-9BB3-34AF5748BE95}
		{86348B50-ECA9-4849-A221-73F0ED31713B} = {72857B67-3003-486C-9BB3-34AF5748BE95}
		{59622A6E-A9AE-438C-A164-05DEA2FCF8CF} = {72857B67-3003-486C-9BB3-34AF5748BE95}
		{40A53175-8048-4F2D-93CA-383074C0267E} = {72857B67-3003-486C-9BB3-34AF5748BE95}
		{F44D03E8-FEEC-40D4-B866-A87799185B4C} = {72857B67-3003-486C-9BB3-34AF5748BE95}
		{CEB85F8E-D429-4510-95A5-47CC3069D412} = {72857B67-3003-486C-9BB3-34AF5748BE95}
	EndGlobalSection
EndGlobal
